// !$*UTF8*$!
{
	archiveVersion = 1;
	classes = {
	};
	objectVersion = 46;
	objects = {

/* Begin PBXBuildFile section */
		49B140A4CE3585324E0273CE /* Pods_Integer_Mutation.framework in Frameworks */ = {isa = PBXBuildFile; fileRef = 8E47239C96FFB80919EA1E46 /* Pods_Integer_Mutation.framework */; };
		5A359C07119A4B4AD8DF18E7 /* Pods_Cycle_Tests.framework in Frameworks */ = {isa = PBXBuildFile; fileRef = 22DC81DAA50022429D87BA17 /* Pods_Cycle_Tests.framework */; };
		D311B6B323923BDD006FB67D /* LensTests.swift in Sources */ = {isa = PBXBuildFile; fileRef = D311B6B223923BDD006FB67D /* LensTests.swift */; };
		D311B6B723923D5E006FB67D /* UIView+Reactive.swift in Sources */ = {isa = PBXBuildFile; fileRef = D311B6B523923D5E006FB67D /* UIView+Reactive.swift */; };
		D311B6D223924B24006FB67D /* LaunchScreen.xib in Resources */ = {isa = PBXBuildFile; fileRef = D311B6CE23924B23006FB67D /* LaunchScreen.xib */; };
		D311B6D323924B24006FB67D /* AppDelegate.swift in Sources */ = {isa = PBXBuildFile; fileRef = D311B6CF23924B23006FB67D /* AppDelegate.swift */; };
		D311B6D423924B24006FB67D /* ValueToggler.swift in Sources */ = {isa = PBXBuildFile; fileRef = D311B6D023924B23006FB67D /* ValueToggler.swift */; };
		D311B6DB23924B56006FB67D /* LaunchScreen.xib in Resources */ = {isa = PBXBuildFile; fileRef = D311B6D723924B56006FB67D /* LaunchScreen.xib */; };
		D311B6DC23924B56006FB67D /* AppDelegate.swift in Sources */ = {isa = PBXBuildFile; fileRef = D311B6D823924B56006FB67D /* AppDelegate.swift */; };
		D311B6DD23924B56006FB67D /* ValueToggler.swift in Sources */ = {isa = PBXBuildFile; fileRef = D311B6D923924B56006FB67D /* ValueToggler.swift */; };
		DCA5891CE155D69A22E20A3C /* Pods_Integer_Mutation_Animated.framework in Frameworks */ = {isa = PBXBuildFile; fileRef = 48B2208FB5231D038BB30411 /* Pods_Integer_Mutation_Animated.framework */; };
/* End PBXBuildFile section */

/* Begin PBXContainerItemProxy section */
		607FACE61AFB9204008FA782 /* PBXContainerItemProxy */ = {
			isa = PBXContainerItemProxy;
			containerPortal = 607FACC81AFB9204008FA782 /* Project object */;
			proxyType = 1;
			remoteGlobalIDString = 607FACCF1AFB9204008FA782;
			remoteInfo = Cycle;
		};
/* End PBXContainerItemProxy section */

/* Begin PBXFileReference section */
		08FAC5E108E5B362EEA803FF /* Cycle.podspec */ = {isa = PBXFileReference; includeInIndex = 1; lastKnownFileType = text; name = Cycle.podspec; path = ../Cycle.podspec; sourceTree = "<group>"; xcLanguageSpecificationIdentifier = xcode.lang.ruby; };
		0C9EA4C5D9E01E0CCCB7930C /* Pods-Integer Mutation Animated.debug.xcconfig */ = {isa = PBXFileReference; includeInIndex = 1; lastKnownFileType = text.xcconfig; name = "Pods-Integer Mutation Animated.debug.xcconfig"; path = "Target Support Files/Pods-Integer Mutation Animated/Pods-Integer Mutation Animated.debug.xcconfig"; sourceTree = "<group>"; };
		1EEE6C13C0DD014325922BDE /* Pods-Integer Mutation.release.xcconfig */ = {isa = PBXFileReference; includeInIndex = 1; lastKnownFileType = text.xcconfig; name = "Pods-Integer Mutation.release.xcconfig"; path = "Target Support Files/Pods-Integer Mutation/Pods-Integer Mutation.release.xcconfig"; sourceTree = "<group>"; };
		22DC81DAA50022429D87BA17 /* Pods_Cycle_Tests.framework */ = {isa = PBXFileReference; explicitFileType = wrapper.framework; includeInIndex = 0; path = Pods_Cycle_Tests.framework; sourceTree = BUILT_PRODUCTS_DIR; };
		3BE1743E33DF3A4752FDCDE6 /* README.md */ = {isa = PBXFileReference; includeInIndex = 1; lastKnownFileType = net.daringfireball.markdown; name = README.md; path = ../README.md; sourceTree = "<group>"; };
		48B2208FB5231D038BB30411 /* Pods_Integer_Mutation_Animated.framework */ = {isa = PBXFileReference; explicitFileType = wrapper.framework; includeInIndex = 0; path = Pods_Integer_Mutation_Animated.framework; sourceTree = BUILT_PRODUCTS_DIR; };
		5D233564CBBA80E47BBB665B /* LICENSE */ = {isa = PBXFileReference; includeInIndex = 1; lastKnownFileType = text; name = LICENSE; path = ../LICENSE; sourceTree = "<group>"; };
		607FACD01AFB9204008FA782 /* Integer Mutation Animated.app */ = {isa = PBXFileReference; explicitFileType = wrapper.application; includeInIndex = 0; path = "Integer Mutation Animated.app"; sourceTree = BUILT_PRODUCTS_DIR; };
		607FACE51AFB9204008FA782 /* Cycle_Tests.xctest */ = {isa = PBXFileReference; explicitFileType = wrapper.cfbundle; includeInIndex = 0; path = Cycle_Tests.xctest; sourceTree = BUILT_PRODUCTS_DIR; };
		607FACEA1AFB9204008FA782 /* Info.plist */ = {isa = PBXFileReference; lastKnownFileType = text.plist.xml; path = Info.plist; sourceTree = "<group>"; };
		80514ABCBC59CACDD8E1925B /* Pods-Push Notification Registration.debug.xcconfig */ = {isa = PBXFileReference; includeInIndex = 1; lastKnownFileType = text.xcconfig; name = "Pods-Push Notification Registration.debug.xcconfig"; path = "Target Support Files/Pods-Push Notification Registration/Pods-Push Notification Registration.debug.xcconfig"; sourceTree = "<group>"; };
		8E47239C96FFB80919EA1E46 /* Pods_Integer_Mutation.framework */ = {isa = PBXFileReference; explicitFileType = wrapper.framework; includeInIndex = 0; path = Pods_Integer_Mutation.framework; sourceTree = BUILT_PRODUCTS_DIR; };
		B408837A33E27ECA939C568A /* Pods-Integer Mutation Animated.release.xcconfig */ = {isa = PBXFileReference; includeInIndex = 1; lastKnownFileType = text.xcconfig; name = "Pods-Integer Mutation Animated.release.xcconfig"; path = "Target Support Files/Pods-Integer Mutation Animated/Pods-Integer Mutation Animated.release.xcconfig"; sourceTree = "<group>"; };
		B6581F4F1CE4CDFD0F7C4BFD /* Pods-Cycle_Tests.debug.xcconfig */ = {isa = PBXFileReference; includeInIndex = 1; lastKnownFileType = text.xcconfig; name = "Pods-Cycle_Tests.debug.xcconfig"; path = "Target Support Files/Pods-Cycle_Tests/Pods-Cycle_Tests.debug.xcconfig"; sourceTree = "<group>"; };
		D311B6B223923BDD006FB67D /* LensTests.swift */ = {isa = PBXFileReference; fileEncoding = 4; lastKnownFileType = sourcecode.swift; path = LensTests.swift; sourceTree = "<group>"; };
		D311B6B523923D5E006FB67D /* UIView+Reactive.swift */ = {isa = PBXFileReference; fileEncoding = 4; lastKnownFileType = sourcecode.swift; path = "UIView+Reactive.swift"; sourceTree = "<group>"; };
		D311B6CB239249DF006FB67D /* Integer Mutation.app */ = {isa = PBXFileReference; explicitFileType = wrapper.application; includeInIndex = 0; path = "Integer Mutation.app"; sourceTree = BUILT_PRODUCTS_DIR; };
		D311B6CE23924B23006FB67D /* LaunchScreen.xib */ = {isa = PBXFileReference; fileEncoding = 4; lastKnownFileType = file.xib; path = LaunchScreen.xib; sourceTree = "<group>"; };
		D311B6CF23924B23006FB67D /* AppDelegate.swift */ = {isa = PBXFileReference; fileEncoding = 4; lastKnownFileType = sourcecode.swift; path = AppDelegate.swift; sourceTree = "<group>"; };
		D311B6D023924B23006FB67D /* ValueToggler.swift */ = {isa = PBXFileReference; fileEncoding = 4; lastKnownFileType = sourcecode.swift; path = ValueToggler.swift; sourceTree = "<group>"; };
		D311B6D123924B23006FB67D /* Info.plist */ = {isa = PBXFileReference; fileEncoding = 4; lastKnownFileType = text.plist.xml; path = Info.plist; sourceTree = "<group>"; };
		D311B6D723924B56006FB67D /* LaunchScreen.xib */ = {isa = PBXFileReference; fileEncoding = 4; lastKnownFileType = file.xib; path = LaunchScreen.xib; sourceTree = "<group>"; };
		D311B6D823924B56006FB67D /* AppDelegate.swift */ = {isa = PBXFileReference; fileEncoding = 4; lastKnownFileType = sourcecode.swift; path = AppDelegate.swift; sourceTree = "<group>"; };
		D311B6D923924B56006FB67D /* ValueToggler.swift */ = {isa = PBXFileReference; fileEncoding = 4; lastKnownFileType = sourcecode.swift; path = ValueToggler.swift; sourceTree = "<group>"; };
		D311B6DA23924B56006FB67D /* Info.plist */ = {isa = PBXFileReference; fileEncoding = 4; lastKnownFileType = text.plist.xml; path = Info.plist; sourceTree = "<group>"; };
		D7DC6ED309A5C247C3B6A64B /* Pods-Cycle_Tests.release.xcconfig */ = {isa = PBXFileReference; includeInIndex = 1; lastKnownFileType = text.xcconfig; name = "Pods-Cycle_Tests.release.xcconfig"; path = "Target Support Files/Pods-Cycle_Tests/Pods-Cycle_Tests.release.xcconfig"; sourceTree = "<group>"; };
		E4B95012FD8197F9DA5F9CAC /* Pods-Integer Mutation.debug.xcconfig */ = {isa = PBXFileReference; includeInIndex = 1; lastKnownFileType = text.xcconfig; name = "Pods-Integer Mutation.debug.xcconfig"; path = "Target Support Files/Pods-Integer Mutation/Pods-Integer Mutation.debug.xcconfig"; sourceTree = "<group>"; };
		F656222E4E982ED5F328CF1B /* Pods_Push_Notification_Registration.framework */ = {isa = PBXFileReference; explicitFileType = wrapper.framework; includeInIndex = 0; path = Pods_Push_Notification_Registration.framework; sourceTree = BUILT_PRODUCTS_DIR; };
		FF6EBAF6594217EA70DE79AC /* Pods-Push Notification Registration.release.xcconfig */ = {isa = PBXFileReference; includeInIndex = 1; lastKnownFileType = text.xcconfig; name = "Pods-Push Notification Registration.release.xcconfig"; path = "Target Support Files/Pods-Push Notification Registration/Pods-Push Notification Registration.release.xcconfig"; sourceTree = "<group>"; };
/* End PBXFileReference section */

/* Begin PBXFrameworksBuildPhase section */
		607FACCD1AFB9204008FA782 /* Frameworks */ = {
			isa = PBXFrameworksBuildPhase;
			buildActionMask = 2147483647;
			files = (
				DCA5891CE155D69A22E20A3C /* Pods_Integer_Mutation_Animated.framework in Frameworks */,
			);
			runOnlyForDeploymentPostprocessing = 0;
		};
		607FACE21AFB9204008FA782 /* Frameworks */ = {
			isa = PBXFrameworksBuildPhase;
			buildActionMask = 2147483647;
			files = (
				5A359C07119A4B4AD8DF18E7 /* Pods_Cycle_Tests.framework in Frameworks */,
			);
			runOnlyForDeploymentPostprocessing = 0;
		};
		D311B6C3239249DF006FB67D /* Frameworks */ = {
			isa = PBXFrameworksBuildPhase;
			buildActionMask = 2147483647;
			files = (
				49B140A4CE3585324E0273CE /* Pods_Integer_Mutation.framework in Frameworks */,
			);
			runOnlyForDeploymentPostprocessing = 0;
		};
/* End PBXFrameworksBuildPhase section */

/* Begin PBXGroup section */
		0E474EECF7147CA8033860C4 /* Pods */ = {
			isa = PBXGroup;
			children = (
				B6581F4F1CE4CDFD0F7C4BFD /* Pods-Cycle_Tests.debug.xcconfig */,
				D7DC6ED309A5C247C3B6A64B /* Pods-Cycle_Tests.release.xcconfig */,
				80514ABCBC59CACDD8E1925B /* Pods-Push Notification Registration.debug.xcconfig */,
				FF6EBAF6594217EA70DE79AC /* Pods-Push Notification Registration.release.xcconfig */,
				E4B95012FD8197F9DA5F9CAC /* Pods-Integer Mutation.debug.xcconfig */,
				1EEE6C13C0DD014325922BDE /* Pods-Integer Mutation.release.xcconfig */,
				0C9EA4C5D9E01E0CCCB7930C /* Pods-Integer Mutation Animated.debug.xcconfig */,
				B408837A33E27ECA939C568A /* Pods-Integer Mutation Animated.release.xcconfig */,
			);
			path = Pods;
			sourceTree = "<group>";
		};
		607FACC71AFB9204008FA782 = {
			isa = PBXGroup;
			children = (
				607FACF51AFB993E008FA782 /* Podspec Metadata */,
				D311B6D623924B56006FB67D /* Integer Mutation */,
				D311B6CD23924B23006FB67D /* Integer Mutation Animated */,
				607FACE81AFB9204008FA782 /* Tests */,
				607FACD11AFB9204008FA782 /* Products */,
				0E474EECF7147CA8033860C4 /* Pods */,
				7BA631AC7FECEB3DA0189606 /* Frameworks */,
			);
			sourceTree = "<group>";
		};
		607FACD11AFB9204008FA782 /* Products */ = {
			isa = PBXGroup;
			children = (
				607FACD01AFB9204008FA782 /* Integer Mutation Animated.app */,
				607FACE51AFB9204008FA782 /* Cycle_Tests.xctest */,
				D311B6CB239249DF006FB67D /* Integer Mutation.app */,
			);
			name = Products;
			sourceTree = "<group>";
		};
		607FACE81AFB9204008FA782 /* Tests */ = {
			isa = PBXGroup;
			children = (
				D311B6B223923BDD006FB67D /* LensTests.swift */,
				D311B6B523923D5E006FB67D /* UIView+Reactive.swift */,
				607FACE91AFB9204008FA782 /* Supporting Files */,
			);
			path = Tests;
			sourceTree = "<group>";
		};
		607FACE91AFB9204008FA782 /* Supporting Files */ = {
			isa = PBXGroup;
			children = (
				607FACEA1AFB9204008FA782 /* Info.plist */,
			);
			name = "Supporting Files";
			sourceTree = "<group>";
		};
		607FACF51AFB993E008FA782 /* Podspec Metadata */ = {
			isa = PBXGroup;
			children = (
				08FAC5E108E5B362EEA803FF /* Cycle.podspec */,
				3BE1743E33DF3A4752FDCDE6 /* README.md */,
				5D233564CBBA80E47BBB665B /* LICENSE */,
			);
			name = "Podspec Metadata";
			sourceTree = "<group>";
		};
		7BA631AC7FECEB3DA0189606 /* Frameworks */ = {
			isa = PBXGroup;
			children = (
				22DC81DAA50022429D87BA17 /* Pods_Cycle_Tests.framework */,
				F656222E4E982ED5F328CF1B /* Pods_Push_Notification_Registration.framework */,
				8E47239C96FFB80919EA1E46 /* Pods_Integer_Mutation.framework */,
				48B2208FB5231D038BB30411 /* Pods_Integer_Mutation_Animated.framework */,
			);
			name = Frameworks;
			sourceTree = "<group>";
		};
		D311B6CD23924B23006FB67D /* Integer Mutation Animated */ = {
			isa = PBXGroup;
			children = (
				D311B6CE23924B23006FB67D /* LaunchScreen.xib */,
				D311B6CF23924B23006FB67D /* AppDelegate.swift */,
				D311B6D023924B23006FB67D /* ValueToggler.swift */,
				D311B6D123924B23006FB67D /* Info.plist */,
			);
			name = "Integer Mutation Animated";
			path = "Cycle/Integer Mutation Animated";
			sourceTree = "<group>";
		};
		D311B6D623924B56006FB67D /* Integer Mutation */ = {
			isa = PBXGroup;
			children = (
				D311B6D723924B56006FB67D /* LaunchScreen.xib */,
				D311B6D823924B56006FB67D /* AppDelegate.swift */,
				D311B6D923924B56006FB67D /* ValueToggler.swift */,
				D311B6DA23924B56006FB67D /* Info.plist */,
			);
			name = "Integer Mutation";
			path = "Cycle/Integer Mutation";
			sourceTree = "<group>";
		};
/* End PBXGroup section */

/* Begin PBXNativeTarget section */
		607FACCF1AFB9204008FA782 /* Integer Mutation Animated */ = {
			isa = PBXNativeTarget;
			buildConfigurationList = 607FACEF1AFB9204008FA782 /* Build configuration list for PBXNativeTarget "Integer Mutation Animated" */;
			buildPhases = (
				4DB0E9DBDE3925AAF8943E4C /* [CP] Check Pods Manifest.lock */,
				607FACCC1AFB9204008FA782 /* Sources */,
				607FACCD1AFB9204008FA782 /* Frameworks */,
				607FACCE1AFB9204008FA782 /* Resources */,
				0CB348E6BD5D6ADC3AC01BBE /* [CP] Embed Pods Frameworks */,
			);
			buildRules = (
			);
			dependencies = (
			);
			name = "Integer Mutation Animated";
			productName = Cycle;
			productReference = 607FACD01AFB9204008FA782 /* Integer Mutation Animated.app */;
			productType = "com.apple.product-type.application";
		};
		607FACE41AFB9204008FA782 /* Cycle_Tests */ = {
			isa = PBXNativeTarget;
			buildConfigurationList = 607FACF21AFB9204008FA782 /* Build configuration list for PBXNativeTarget "Cycle_Tests" */;
			buildPhases = (
				9C0B3EADBA44857C04297F77 /* [CP] Check Pods Manifest.lock */,
				607FACE11AFB9204008FA782 /* Sources */,
				607FACE21AFB9204008FA782 /* Frameworks */,
				607FACE31AFB9204008FA782 /* Resources */,
				1627A738E1F38BE77D35C145 /* [CP] Embed Pods Frameworks */,
			);
			buildRules = (
			);
			dependencies = (
				607FACE71AFB9204008FA782 /* PBXTargetDependency */,
			);
			name = Cycle_Tests;
			productName = Tests;
			productReference = 607FACE51AFB9204008FA782 /* Cycle_Tests.xctest */;
			productType = "com.apple.product-type.bundle.unit-test";
		};
		D311B6BE239249DF006FB67D /* Integer Mutation */ = {
			isa = PBXNativeTarget;
			buildConfigurationList = D311B6C8239249DF006FB67D /* Build configuration list for PBXNativeTarget "Integer Mutation" */;
			buildPhases = (
				6C5D8B16FAE3FB3F1BBBD390 /* [CP] Check Pods Manifest.lock */,
				D311B6C0239249DF006FB67D /* Sources */,
				D311B6C3239249DF006FB67D /* Frameworks */,
				D311B6C5239249DF006FB67D /* Resources */,
				484C4DB1D5AF6C706D2BD16D /* [CP] Embed Pods Frameworks */,
			);
			buildRules = (
			);
			dependencies = (
			);
			name = "Integer Mutation";
			productName = Cycle;
			productReference = D311B6CB239249DF006FB67D /* Integer Mutation.app */;
			productType = "com.apple.product-type.application";
		};
/* End PBXNativeTarget section */

/* Begin PBXProject section */
		607FACC81AFB9204008FA782 /* Project object */ = {
			isa = PBXProject;
			attributes = {
				LastSwiftUpdateCheck = 0830;
				LastUpgradeCheck = 1120;
				ORGANIZATIONNAME = CocoaPods;
				TargetAttributes = {
					607FACCF1AFB9204008FA782 = {
						CreatedOnToolsVersion = 6.3.1;
						LastSwiftMigration = 1120;
					};
					607FACE41AFB9204008FA782 = {
						CreatedOnToolsVersion = 6.3.1;
						LastSwiftMigration = 1120;
					};
					D311B6BE239249DF006FB67D = {
						LastSwiftMigration = 1120;
					};
				};
			};
			buildConfigurationList = 607FACCB1AFB9204008FA782 /* Build configuration list for PBXProject "Cycle" */;
			compatibilityVersion = "Xcode 3.2";
			developmentRegion = English;
			hasScannedForEncodings = 0;
			knownRegions = (
				English,
				en,
				Base,
			);
			mainGroup = 607FACC71AFB9204008FA782;
			productRefGroup = 607FACD11AFB9204008FA782 /* Products */;
			projectDirPath = "";
			projectRoot = "";
			targets = (
				607FACCF1AFB9204008FA782 /* Integer Mutation Animated */,
				607FACE41AFB9204008FA782 /* Cycle_Tests */,
				D311B6BE239249DF006FB67D /* Integer Mutation */,
			);
		};
/* End PBXProject section */

/* Begin PBXResourcesBuildPhase section */
		607FACCE1AFB9204008FA782 /* Resources */ = {
			isa = PBXResourcesBuildPhase;
			buildActionMask = 2147483647;
			files = (
				D311B6D223924B24006FB67D /* LaunchScreen.xib in Resources */,
			);
			runOnlyForDeploymentPostprocessing = 0;
		};
		607FACE31AFB9204008FA782 /* Resources */ = {
			isa = PBXResourcesBuildPhase;
			buildActionMask = 2147483647;
			files = (
			);
			runOnlyForDeploymentPostprocessing = 0;
		};
		D311B6C5239249DF006FB67D /* Resources */ = {
			isa = PBXResourcesBuildPhase;
			buildActionMask = 2147483647;
			files = (
				D311B6DB23924B56006FB67D /* LaunchScreen.xib in Resources */,
			);
			runOnlyForDeploymentPostprocessing = 0;
		};
/* End PBXResourcesBuildPhase section */

/* Begin PBXShellScriptBuildPhase section */
		0CB348E6BD5D6ADC3AC01BBE /* [CP] Embed Pods Frameworks */ = {
			isa = PBXShellScriptBuildPhase;
			buildActionMask = 2147483647;
			files = (
			);
			inputPaths = (
				"${PODS_ROOT}/Target Support Files/Pods-Integer Mutation Animated/Pods-Integer Mutation Animated-frameworks.sh",
				"${BUILT_PRODUCTS_DIR}/Cycle/Cycle.framework",
				"${BUILT_PRODUCTS_DIR}/RxCocoa/RxCocoa.framework",
				"${BUILT_PRODUCTS_DIR}/RxRelay/RxRelay.framework",
				"${BUILT_PRODUCTS_DIR}/RxSwift/RxSwift.framework",
			);
			name = "[CP] Embed Pods Frameworks";
			outputPaths = (
				"${TARGET_BUILD_DIR}/${FRAMEWORKS_FOLDER_PATH}/Cycle.framework",
				"${TARGET_BUILD_DIR}/${FRAMEWORKS_FOLDER_PATH}/RxCocoa.framework",
				"${TARGET_BUILD_DIR}/${FRAMEWORKS_FOLDER_PATH}/RxRelay.framework",
				"${TARGET_BUILD_DIR}/${FRAMEWORKS_FOLDER_PATH}/RxSwift.framework",
			);
			runOnlyForDeploymentPostprocessing = 0;
			shellPath = /bin/sh;
			shellScript = "\"${PODS_ROOT}/Target Support Files/Pods-Integer Mutation Animated/Pods-Integer Mutation Animated-frameworks.sh\"\n";
			showEnvVarsInLog = 0;
		};
		1627A738E1F38BE77D35C145 /* [CP] Embed Pods Frameworks */ = {
			isa = PBXShellScriptBuildPhase;
			buildActionMask = 2147483647;
			files = (
			);
			inputPaths = (
				"${PODS_ROOT}/Target Support Files/Pods-Cycle_Tests/Pods-Cycle_Tests-frameworks.sh",
				"${BUILT_PRODUCTS_DIR}/Cycle/Cycle.framework",
				"${BUILT_PRODUCTS_DIR}/RxCocoa/RxCocoa.framework",
				"${BUILT_PRODUCTS_DIR}/RxRelay/RxRelay.framework",
				"${BUILT_PRODUCTS_DIR}/RxSwift/RxSwift.framework",
				"${BUILT_PRODUCTS_DIR}/RxBlocking/RxBlocking.framework",
				"${BUILT_PRODUCTS_DIR}/RxExpect/RxExpect.framework",
				"${BUILT_PRODUCTS_DIR}/RxTest/RxTest.framework",
				"${BUILT_PRODUCTS_DIR}/SnapshotTesting/SnapshotTesting.framework",
			);
			name = "[CP] Embed Pods Frameworks";
			outputPaths = (
				"${TARGET_BUILD_DIR}/${FRAMEWORKS_FOLDER_PATH}/Cycle.framework",
				"${TARGET_BUILD_DIR}/${FRAMEWORKS_FOLDER_PATH}/RxCocoa.framework",
				"${TARGET_BUILD_DIR}/${FRAMEWORKS_FOLDER_PATH}/RxRelay.framework",
				"${TARGET_BUILD_DIR}/${FRAMEWORKS_FOLDER_PATH}/RxSwift.framework",
				"${TARGET_BUILD_DIR}/${FRAMEWORKS_FOLDER_PATH}/RxBlocking.framework",
				"${TARGET_BUILD_DIR}/${FRAMEWORKS_FOLDER_PATH}/RxExpect.framework",
				"${TARGET_BUILD_DIR}/${FRAMEWORKS_FOLDER_PATH}/RxTest.framework",
				"${TARGET_BUILD_DIR}/${FRAMEWORKS_FOLDER_PATH}/SnapshotTesting.framework",
			);
			runOnlyForDeploymentPostprocessing = 0;
			shellPath = /bin/sh;
			shellScript = "\"${PODS_ROOT}/Target Support Files/Pods-Cycle_Tests/Pods-Cycle_Tests-frameworks.sh\"\n";
			showEnvVarsInLog = 0;
		};
		484C4DB1D5AF6C706D2BD16D /* [CP] Embed Pods Frameworks */ = {
			isa = PBXShellScriptBuildPhase;
			buildActionMask = 2147483647;
			files = (
			);
			inputPaths = (
				"${PODS_ROOT}/Target Support Files/Pods-Integer Mutation/Pods-Integer Mutation-frameworks.sh",
				"${BUILT_PRODUCTS_DIR}/Cycle/Cycle.framework",
				"${BUILT_PRODUCTS_DIR}/RxCocoa/RxCocoa.framework",
				"${BUILT_PRODUCTS_DIR}/RxRelay/RxRelay.framework",
				"${BUILT_PRODUCTS_DIR}/RxSwift/RxSwift.framework",
			);
			name = "[CP] Embed Pods Frameworks";
			outputPaths = (
				"${TARGET_BUILD_DIR}/${FRAMEWORKS_FOLDER_PATH}/Cycle.framework",
				"${TARGET_BUILD_DIR}/${FRAMEWORKS_FOLDER_PATH}/RxCocoa.framework",
				"${TARGET_BUILD_DIR}/${FRAMEWORKS_FOLDER_PATH}/RxRelay.framework",
				"${TARGET_BUILD_DIR}/${FRAMEWORKS_FOLDER_PATH}/RxSwift.framework",
			);
			runOnlyForDeploymentPostprocessing = 0;
			shellPath = /bin/sh;
			shellScript = "\"${PODS_ROOT}/Target Support Files/Pods-Integer Mutation/Pods-Integer Mutation-frameworks.sh\"\n";
			showEnvVarsInLog = 0;
		};
		4DB0E9DBDE3925AAF8943E4C /* [CP] Check Pods Manifest.lock */ = {
			isa = PBXShellScriptBuildPhase;
			buildActionMask = 2147483647;
			files = (
			);
			inputFileListPaths = (
			);
			inputPaths = (
				"${PODS_PODFILE_DIR_PATH}/Podfile.lock",
				"${PODS_ROOT}/Manifest.lock",
			);
			name = "[CP] Check Pods Manifest.lock";
			outputFileListPaths = (
			);
			outputPaths = (
				"$(DERIVED_FILE_DIR)/Pods-Integer Mutation Animated-checkManifestLockResult.txt",
			);
			runOnlyForDeploymentPostprocessing = 0;
			shellPath = /bin/sh;
			shellScript = "diff \"${PODS_PODFILE_DIR_PATH}/Podfile.lock\" \"${PODS_ROOT}/Manifest.lock\" > /dev/null\nif [ $? != 0 ] ; then\n    # print error to STDERR\n    echo \"error: The sandbox is not in sync with the Podfile.lock. Run 'pod install' or update your CocoaPods installation.\" >&2\n    exit 1\nfi\n# This output is used by Xcode 'outputs' to avoid re-running this script phase.\necho \"SUCCESS\" > \"${SCRIPT_OUTPUT_FILE_0}\"\n";
			showEnvVarsInLog = 0;
		};
		6C5D8B16FAE3FB3F1BBBD390 /* [CP] Check Pods Manifest.lock */ = {
			isa = PBXShellScriptBuildPhase;
			buildActionMask = 2147483647;
			files = (
			);
			inputFileListPaths = (
			);
			inputPaths = (
				"${PODS_PODFILE_DIR_PATH}/Podfile.lock",
				"${PODS_ROOT}/Manifest.lock",
			);
			name = "[CP] Check Pods Manifest.lock";
			outputFileListPaths = (
			);
			outputPaths = (
				"$(DERIVED_FILE_DIR)/Pods-Integer Mutation-checkManifestLockResult.txt",
			);
			runOnlyForDeploymentPostprocessing = 0;
			shellPath = /bin/sh;
			shellScript = "diff \"${PODS_PODFILE_DIR_PATH}/Podfile.lock\" \"${PODS_ROOT}/Manifest.lock\" > /dev/null\nif [ $? != 0 ] ; then\n    # print error to STDERR\n    echo \"error: The sandbox is not in sync with the Podfile.lock. Run 'pod install' or update your CocoaPods installation.\" >&2\n    exit 1\nfi\n# This output is used by Xcode 'outputs' to avoid re-running this script phase.\necho \"SUCCESS\" > \"${SCRIPT_OUTPUT_FILE_0}\"\n";
			showEnvVarsInLog = 0;
		};
		9C0B3EADBA44857C04297F77 /* [CP] Check Pods Manifest.lock */ = {
			isa = PBXShellScriptBuildPhase;
			buildActionMask = 2147483647;
			files = (
			);
			inputFileListPaths = (
			);
			inputPaths = (
				"${PODS_PODFILE_DIR_PATH}/Podfile.lock",
				"${PODS_ROOT}/Manifest.lock",
			);
			name = "[CP] Check Pods Manifest.lock";
			outputFileListPaths = (
			);
			outputPaths = (
				"$(DERIVED_FILE_DIR)/Pods-Cycle_Tests-checkManifestLockResult.txt",
			);
			runOnlyForDeploymentPostprocessing = 0;
			shellPath = /bin/sh;
			shellScript = "diff \"${PODS_PODFILE_DIR_PATH}/Podfile.lock\" \"${PODS_ROOT}/Manifest.lock\" > /dev/null\nif [ $? != 0 ] ; then\n    # print error to STDERR\n    echo \"error: The sandbox is not in sync with the Podfile.lock. Run 'pod install' or update your CocoaPods installation.\" >&2\n    exit 1\nfi\n# This output is used by Xcode 'outputs' to avoid re-running this script phase.\necho \"SUCCESS\" > \"${SCRIPT_OUTPUT_FILE_0}\"\n";
			showEnvVarsInLog = 0;
		};
/* End PBXShellScriptBuildPhase section */

/* Begin PBXSourcesBuildPhase section */
		607FACCC1AFB9204008FA782 /* Sources */ = {
			isa = PBXSourcesBuildPhase;
			buildActionMask = 2147483647;
			files = (
				D311B6D423924B24006FB67D /* ValueToggler.swift in Sources */,
				D311B6D323924B24006FB67D /* AppDelegate.swift in Sources */,
			);
			runOnlyForDeploymentPostprocessing = 0;
		};
		607FACE11AFB9204008FA782 /* Sources */ = {
			isa = PBXSourcesBuildPhase;
			buildActionMask = 2147483647;
			files = (
				D311B6B323923BDD006FB67D /* LensTests.swift in Sources */,
				D311B6B723923D5E006FB67D /* UIView+Reactive.swift in Sources */,
			);
			runOnlyForDeploymentPostprocessing = 0;
		};
		D311B6C0239249DF006FB67D /* Sources */ = {
			isa = PBXSourcesBuildPhase;
			buildActionMask = 2147483647;
			files = (
				D311B6DD23924B56006FB67D /* ValueToggler.swift in Sources */,
				D311B6DC23924B56006FB67D /* AppDelegate.swift in Sources */,
			);
			runOnlyForDeploymentPostprocessing = 0;
		};
/* End PBXSourcesBuildPhase section */

/* Begin PBXTargetDependency section */
		607FACE71AFB9204008FA782 /* PBXTargetDependency */ = {
			isa = PBXTargetDependency;
			target = 607FACCF1AFB9204008FA782 /* Integer Mutation Animated */;
			targetProxy = 607FACE61AFB9204008FA782 /* PBXContainerItemProxy */;
		};
/* End PBXTargetDependency section */

/* Begin XCBuildConfiguration section */
		607FACED1AFB9204008FA782 /* Debug */ = {
			isa = XCBuildConfiguration;
			buildSettings = {
				ALWAYS_SEARCH_USER_PATHS = NO;
				CLANG_ANALYZER_LOCALIZABILITY_NONLOCALIZED = YES;
				CLANG_CXX_LANGUAGE_STANDARD = "gnu++0x";
				CLANG_CXX_LIBRARY = "libc++";
				CLANG_ENABLE_MODULES = YES;
				CLANG_ENABLE_OBJC_ARC = YES;
				CLANG_WARN_BLOCK_CAPTURE_AUTORELEASING = YES;
				CLANG_WARN_BOOL_CONVERSION = YES;
				CLANG_WARN_COMMA = YES;
				CLANG_WARN_CONSTANT_CONVERSION = YES;
				CLANG_WARN_DEPRECATED_OBJC_IMPLEMENTATIONS = YES;
				CLANG_WARN_DIRECT_OBJC_ISA_USAGE = YES_ERROR;
				CLANG_WARN_EMPTY_BODY = YES;
				CLANG_WARN_ENUM_CONVERSION = YES;
				CLANG_WARN_INFINITE_RECURSION = YES;
				CLANG_WARN_INT_CONVERSION = YES;
				CLANG_WARN_NON_LITERAL_NULL_CONVERSION = YES;
				CLANG_WARN_OBJC_IMPLICIT_RETAIN_SELF = YES;
				CLANG_WARN_OBJC_LITERAL_CONVERSION = YES;
				CLANG_WARN_OBJC_ROOT_CLASS = YES_ERROR;
				CLANG_WARN_RANGE_LOOP_ANALYSIS = YES;
				CLANG_WARN_STRICT_PROTOTYPES = YES;
				CLANG_WARN_SUSPICIOUS_MOVE = YES;
				CLANG_WARN_UNREACHABLE_CODE = YES;
				CLANG_WARN__DUPLICATE_METHOD_MATCH = YES;
				"CODE_SIGN_IDENTITY[sdk=iphoneos*]" = "iPhone Developer";
				COPY_PHASE_STRIP = NO;
				DEBUG_INFORMATION_FORMAT = "dwarf-with-dsym";
				ENABLE_STRICT_OBJC_MSGSEND = YES;
				ENABLE_TESTABILITY = YES;
				GCC_C_LANGUAGE_STANDARD = gnu99;
				GCC_DYNAMIC_NO_PIC = NO;
				GCC_NO_COMMON_BLOCKS = YES;
				GCC_OPTIMIZATION_LEVEL = 0;
				GCC_PREPROCESSOR_DEFINITIONS = (
					"DEBUG=1",
					"$(inherited)",
				);
				GCC_SYMBOLS_PRIVATE_EXTERN = NO;
				GCC_WARN_64_TO_32_BIT_CONVERSION = YES;
				GCC_WARN_ABOUT_RETURN_TYPE = YES_ERROR;
				GCC_WARN_UNDECLARED_SELECTOR = YES;
				GCC_WARN_UNINITIALIZED_AUTOS = YES_AGGRESSIVE;
				GCC_WARN_UNUSED_FUNCTION = YES;
				GCC_WARN_UNUSED_VARIABLE = YES;
				IPHONEOS_DEPLOYMENT_TARGET = 10.0;
				MTL_ENABLE_DEBUG_INFO = YES;
				ONLY_ACTIVE_ARCH = YES;
				SDKROOT = iphoneos;
				SWIFT_OPTIMIZATION_LEVEL = "-Onone";
				SWIFT_VERSION = 4.0;
			};
			name = Debug;
		};
		607FACEE1AFB9204008FA782 /* Release */ = {
			isa = XCBuildConfiguration;
			buildSettings = {
				ALWAYS_SEARCH_USER_PATHS = NO;
				CLANG_ANALYZER_LOCALIZABILITY_NONLOCALIZED = YES;
				CLANG_CXX_LANGUAGE_STANDARD = "gnu++0x";
				CLANG_CXX_LIBRARY = "libc++";
				CLANG_ENABLE_MODULES = YES;
				CLANG_ENABLE_OBJC_ARC = YES;
				CLANG_WARN_BLOCK_CAPTURE_AUTORELEASING = YES;
				CLANG_WARN_BOOL_CONVERSION = YES;
				CLANG_WARN_COMMA = YES;
				CLANG_WARN_CONSTANT_CONVERSION = YES;
				CLANG_WARN_DEPRECATED_OBJC_IMPLEMENTATIONS = YES;
				CLANG_WARN_DIRECT_OBJC_ISA_USAGE = YES_ERROR;
				CLANG_WARN_EMPTY_BODY = YES;
				CLANG_WARN_ENUM_CONVERSION = YES;
				CLANG_WARN_INFINITE_RECURSION = YES;
				CLANG_WARN_INT_CONVERSION = YES;
				CLANG_WARN_NON_LITERAL_NULL_CONVERSION = YES;
				CLANG_WARN_OBJC_IMPLICIT_RETAIN_SELF = YES;
				CLANG_WARN_OBJC_LITERAL_CONVERSION = YES;
				CLANG_WARN_OBJC_ROOT_CLASS = YES_ERROR;
				CLANG_WARN_RANGE_LOOP_ANALYSIS = YES;
				CLANG_WARN_STRICT_PROTOTYPES = YES;
				CLANG_WARN_SUSPICIOUS_MOVE = YES;
				CLANG_WARN_UNREACHABLE_CODE = YES;
				CLANG_WARN__DUPLICATE_METHOD_MATCH = YES;
				"CODE_SIGN_IDENTITY[sdk=iphoneos*]" = "iPhone Developer";
				COPY_PHASE_STRIP = NO;
				DEBUG_INFORMATION_FORMAT = "dwarf-with-dsym";
				ENABLE_NS_ASSERTIONS = NO;
				ENABLE_STRICT_OBJC_MSGSEND = YES;
				GCC_C_LANGUAGE_STANDARD = gnu99;
				GCC_NO_COMMON_BLOCKS = YES;
				GCC_WARN_64_TO_32_BIT_CONVERSION = YES;
				GCC_WARN_ABOUT_RETURN_TYPE = YES_ERROR;
				GCC_WARN_UNDECLARED_SELECTOR = YES;
				GCC_WARN_UNINITIALIZED_AUTOS = YES_AGGRESSIVE;
				GCC_WARN_UNUSED_FUNCTION = YES;
				GCC_WARN_UNUSED_VARIABLE = YES;
				IPHONEOS_DEPLOYMENT_TARGET = 10.0;
				MTL_ENABLE_DEBUG_INFO = NO;
				SDKROOT = iphoneos;
				SWIFT_OPTIMIZATION_LEVEL = "-Owholemodule";
				SWIFT_VERSION = 4.0;
				VALIDATE_PRODUCT = YES;
			};
			name = Release;
		};
		607FACF01AFB9204008FA782 /* Debug */ = {
			isa = XCBuildConfiguration;
			baseConfigurationReference = 0C9EA4C5D9E01E0CCCB7930C /* Pods-Integer Mutation Animated.debug.xcconfig */;
			buildSettings = {
				INFOPLIST_FILE = "Cycle/Integer Mutation Animated/Info.plist";
				IPHONEOS_DEPLOYMENT_TARGET = 10.0;
				LD_RUNPATH_SEARCH_PATHS = "$(inherited) @executable_path/Frameworks";
				MODULE_NAME = ExampleApp;
				PRODUCT_BUNDLE_IDENTIFIER = "org.cocoapods.demo.$(PRODUCT_NAME:rfc1034identifier)";
				PRODUCT_NAME = "$(TARGET_NAME)";
				SWIFT_SWIFT3_OBJC_INFERENCE = Default;
				SWIFT_VERSION = 5.0;
			};
			name = Debug;
		};
		607FACF11AFB9204008FA782 /* Release */ = {
			isa = XCBuildConfiguration;
			baseConfigurationReference = B408837A33E27ECA939C568A /* Pods-Integer Mutation Animated.release.xcconfig */;
			buildSettings = {
				INFOPLIST_FILE = "Cycle/Integer Mutation Animated/Info.plist";
				IPHONEOS_DEPLOYMENT_TARGET = 10.0;
				LD_RUNPATH_SEARCH_PATHS = "$(inherited) @executable_path/Frameworks";
				MODULE_NAME = ExampleApp;
				PRODUCT_BUNDLE_IDENTIFIER = "org.cocoapods.demo.$(PRODUCT_NAME:rfc1034identifier)";
				PRODUCT_NAME = "$(TARGET_NAME)";
				SWIFT_SWIFT3_OBJC_INFERENCE = Default;
				SWIFT_VERSION = 5.0;
			};
			name = Release;
		};
		607FACF31AFB9204008FA782 /* Debug */ = {
			isa = XCBuildConfiguration;
			baseConfigurationReference = B6581F4F1CE4CDFD0F7C4BFD /* Pods-Cycle_Tests.debug.xcconfig */;
			buildSettings = {
				ALWAYS_EMBED_SWIFT_STANDARD_LIBRARIES = YES;
				FRAMEWORK_SEARCH_PATHS = (
					"$(PLATFORM_DIR)/Developer/Library/Frameworks",
					"$(inherited)",
				);
				GCC_PREPROCESSOR_DEFINITIONS = (
					"DEBUG=1",
					"$(inherited)",
				);
				INFOPLIST_FILE = Tests/Info.plist;
				LD_RUNPATH_SEARCH_PATHS = "$(inherited) @executable_path/Frameworks @loader_path/Frameworks";
				PRODUCT_BUNDLE_IDENTIFIER = "org.cocoapods.$(PRODUCT_NAME:rfc1034identifier)";
				PRODUCT_NAME = "$(TARGET_NAME)";
				SWIFT_SWIFT3_OBJC_INFERENCE = Default;
				SWIFT_VERSION = 5.0;
			};
			name = Debug;
		};
		607FACF41AFB9204008FA782 /* Release */ = {
			isa = XCBuildConfiguration;
			baseConfigurationReference = D7DC6ED309A5C247C3B6A64B /* Pods-Cycle_Tests.release.xcconfig */;
			buildSettings = {
				ALWAYS_EMBED_SWIFT_STANDARD_LIBRARIES = YES;
				FRAMEWORK_SEARCH_PATHS = (
					"$(PLATFORM_DIR)/Developer/Library/Frameworks",
					"$(inherited)",
				);
				INFOPLIST_FILE = Tests/Info.plist;
				LD_RUNPATH_SEARCH_PATHS = "$(inherited) @executable_path/Frameworks @loader_path/Frameworks";
				PRODUCT_BUNDLE_IDENTIFIER = "org.cocoapods.$(PRODUCT_NAME:rfc1034identifier)";
				PRODUCT_NAME = "$(TARGET_NAME)";
				SWIFT_SWIFT3_OBJC_INFERENCE = Default;
				SWIFT_VERSION = 5.0;
			};
			name = Release;
		};
		D311B6C9239249DF006FB67D /* Debug */ = {
			isa = XCBuildConfiguration;
			baseConfigurationReference = E4B95012FD8197F9DA5F9CAC /* Pods-Integer Mutation.debug.xcconfig */;
			buildSettings = {
				INFOPLIST_FILE = "Cycle/Integer Mutation/Info.plist";
				IPHONEOS_DEPLOYMENT_TARGET = 10.0;
				LD_RUNPATH_SEARCH_PATHS = "$(inherited) @executable_path/Frameworks";
				MODULE_NAME = ExampleApp;
				PRODUCT_BUNDLE_IDENTIFIER = "org.cocoapods.demo.$(PRODUCT_NAME:rfc1034identifier)";
				PRODUCT_NAME = "$(TARGET_NAME)";
				SWIFT_SWIFT3_OBJC_INFERENCE = Default;
				SWIFT_VERSION = 5.0;
			};
			name = Debug;
		};
		D311B6CA239249DF006FB67D /* Release */ = {
			isa = XCBuildConfiguration;
			baseConfigurationReference = 1EEE6C13C0DD014325922BDE /* Pods-Integer Mutation.release.xcconfig */;
			buildSettings = {
				INFOPLIST_FILE = "Cycle/Integer Mutation/Info.plist";
				IPHONEOS_DEPLOYMENT_TARGET = 10.0;
				LD_RUNPATH_SEARCH_PATHS = "$(inherited) @executable_path/Frameworks";
				MODULE_NAME = ExampleApp;
				PRODUCT_BUNDLE_IDENTIFIER = "org.cocoapods.demo.$(PRODUCT_NAME:rfc1034identifier)";
				PRODUCT_NAME = "$(TARGET_NAME)";
				SWIFT_SWIFT3_OBJC_INFERENCE = Default;
				SWIFT_VERSION = 5.0;
			};
			name = Release;
		};
/* End XCBuildConfiguration section */

/* Begin XCConfigurationList section */
		607FACCB1AFB9204008FA782 /* Build configuration list for PBXProject "Cycle" */ = {
			isa = XCConfigurationList;
			buildConfigurations = (
				607FACED1AFB9204008FA782 /* Debug */,
				607FACEE1AFB9204008FA782 /* Release */,
			);
			defaultConfigurationIsVisible = 0;
			defaultConfigurationName = Release;
		};
		607FACEF1AFB9204008FA782 /* Build configuration list for PBXNativeTarget "Integer Mutation Animated" */ = {
			isa = XCConfigurationList;
			buildConfigurations = (
				607FACF01AFB9204008FA782 /* Debug */,
				607FACF11AFB9204008FA782 /* Release */,
			);
			defaultConfigurationIsVisible = 0;
			defaultConfigurationName = Release;
		};
		607FACF21AFB9204008FA782 /* Build configuration list for PBXNativeTarget "Cycle_Tests" */ = {
			isa = XCConfigurationList;
			buildConfigurations = (
				607FACF31AFB9204008FA782 /* Debug */,
				607FACF41AFB9204008FA782 /* Release */,
			);
			defaultConfigurationIsVisible = 0;
			defaultConfigurationName = Release;
		};
		D311B6C8239249DF006FB67D /* Build configuration list for PBXNativeTarget "Integer Mutation" */ = {
			isa = XCConfigurationList;
			buildConfigurations = (
				D311B6C9239249DF006FB67D /* Debug */,
				D311B6CA239249DF006FB67D /* Release */,
			);
			defaultConfigurationIsVisible = 0;
			defaultConfigurationName = Release;
		};
/* End XCConfigurationList section */
	};
	rootObject = 607FACC81AFB9204008FA782 /* Project object */;
}
