// !$*UTF8*$!
{
	archiveVersion = 1;
	classes = {
	};
	objectVersion = 46;
	objects = {

/* Begin PBXBuildFile section */
		116BAEF0A276C537C2030BAA /* Pods_Push_Notification_Registration.framework in Frameworks */ = {isa = PBXBuildFile; fileRef = 42736C56E7E7C9DD3182C80A /* Pods_Push_Notification_Registration.framework */; };
		1203B012752B90495253878C /* Pods_Integer_Mutation_Animated.framework in Frameworks */ = {isa = PBXBuildFile; fileRef = 317E148C399785E3FB17DF26 /* Pods_Integer_Mutation_Animated.framework */; };
		32A283687262EF38B424F3B8 /* Pods_URL_Action_Outgoing.framework in Frameworks */ = {isa = PBXBuildFile; fileRef = AA7BC5246F97C93631F0B54F /* Pods_URL_Action_Outgoing.framework */; };
		4435AF1D8F701EF66E80633F /* Pods_Cycle_Tests.framework in Frameworks */ = {isa = PBXBuildFile; fileRef = FB865E51D770F4486561A9BB /* Pods_Cycle_Tests.framework */; };
		6193D45BC042E84E20128B03 /* Pods_Integer_Mutation.framework in Frameworks */ = {isa = PBXBuildFile; fileRef = 4AB3EC56074E54409661B9B4 /* Pods_Integer_Mutation.framework */; };
		B84ACAA946FD4DCD6390E833 /* Pods_Shortcut_Items.framework in Frameworks */ = {isa = PBXBuildFile; fileRef = 75F28F672F62AF841428AAE8 /* Pods_Shortcut_Items.framework */; };
		D30604EB1E5E5247007BE6F0 /* LaunchScreen.xib in Resources */ = {isa = PBXBuildFile; fileRef = D30604E31E5E5247007BE6F0 /* LaunchScreen.xib */; };
		D30604ED1E5E5247007BE6F0 /* Images.xcassets in Resources */ = {isa = PBXBuildFile; fileRef = D30604E71E5E5247007BE6F0 /* Images.xcassets */; };
		D30604F11E5E5433007BE6F0 /* PushNotificationRegistration.swift in Sources */ = {isa = PBXBuildFile; fileRef = D30604F01E5E5433007BE6F0 /* PushNotificationRegistration.swift */; };
		D30604FA1E5E65FD007BE6F0 /* Images.xcassets in Resources */ = {isa = PBXBuildFile; fileRef = D30604E71E5E5247007BE6F0 /* Images.xcassets */; };
		D30604FB1E5E65FD007BE6F0 /* LaunchScreen.xib in Resources */ = {isa = PBXBuildFile; fileRef = D30604E31E5E5247007BE6F0 /* LaunchScreen.xib */; };
		D30605081E5E667F007BE6F0 /* ShortcutItems.swift in Sources */ = {isa = PBXBuildFile; fileRef = D30605041E5E6656007BE6F0 /* ShortcutItems.swift */; };
		D30605091E5E6684007BE6F0 /* Timer.swift in Sources */ = {isa = PBXBuildFile; fileRef = D30605051E5E6656007BE6F0 /* Timer.swift */; };
		D30605131E5E9CD5007BE6F0 /* Images.xcassets in Resources */ = {isa = PBXBuildFile; fileRef = D30604E71E5E5247007BE6F0 /* Images.xcassets */; };
		D30605141E5E9CD5007BE6F0 /* LaunchScreen.xib in Resources */ = {isa = PBXBuildFile; fileRef = D30604E31E5E5247007BE6F0 /* LaunchScreen.xib */; };
		D306051F1E5E9D46007BE6F0 /* IntegerMutatingApp.swift in Sources */ = {isa = PBXBuildFile; fileRef = D306051D1E5E9D46007BE6F0 /* IntegerMutatingApp.swift */; };
		D30605201E5E9D46007BE6F0 /* ValueToggler.swift in Sources */ = {isa = PBXBuildFile; fileRef = D306051E1E5E9D46007BE6F0 /* ValueToggler.swift */; };
		D306052E1E5EA484007BE6F0 /* Pods_Integer_Mutation.framework in Frameworks */ = {isa = PBXBuildFile; fileRef = 4AB3EC56074E54409661B9B4 /* Pods_Integer_Mutation.framework */; };
		D30605301E5EA484007BE6F0 /* Images.xcassets in Resources */ = {isa = PBXBuildFile; fileRef = D30604E71E5E5247007BE6F0 /* Images.xcassets */; };
		D30605311E5EA484007BE6F0 /* LaunchScreen.xib in Resources */ = {isa = PBXBuildFile; fileRef = D30604E31E5E5247007BE6F0 /* LaunchScreen.xib */; };
		D306053C1E5EA54A007BE6F0 /* URLActionOutgoing.swift in Sources */ = {isa = PBXBuildFile; fileRef = D30605261E5EA45D007BE6F0 /* URLActionOutgoing.swift */; };
		D306053E1E5EAC4D007BE6F0 /* RxUIApplicationTestCase.swift in Sources */ = {isa = PBXBuildFile; fileRef = D306053D1E5EAC4D007BE6F0 /* RxUIApplicationTestCase.swift */; };
		D31FAC74201691A20015FD22 /* Timer.swift in Sources */ = {isa = PBXBuildFile; fileRef = D30605051E5E6656007BE6F0 /* Timer.swift */; };
		D31FAC78201691A20015FD22 /* Pods_Integer_Mutation.framework in Frameworks */ = {isa = PBXBuildFile; fileRef = 4AB3EC56074E54409661B9B4 /* Pods_Integer_Mutation.framework */; };
		D31FAC7A201691A20015FD22 /* Images.xcassets in Resources */ = {isa = PBXBuildFile; fileRef = D30604E71E5E5247007BE6F0 /* Images.xcassets */; };
		D31FAC7B201691A20015FD22 /* LaunchScreen.xib in Resources */ = {isa = PBXBuildFile; fileRef = D30604E31E5E5247007BE6F0 /* LaunchScreen.xib */; };
		D31FAC87201691CB0015FD22 /* IntegerMutatingApp.swift in Sources */ = {isa = PBXBuildFile; fileRef = D31FAC84201691CB0015FD22 /* IntegerMutatingApp.swift */; };
		D31FAC88201691CB0015FD22 /* ValueToggler.swift in Sources */ = {isa = PBXBuildFile; fileRef = D31FAC85201691CB0015FD22 /* ValueToggler.swift */; };
		D31FAC89201691CB0015FD22 /* Info.plist in Resources */ = {isa = PBXBuildFile; fileRef = D31FAC86201691CB0015FD22 /* Info.plist */; };
		D38E6187200F35D600E94387 /* Timer.swift in Sources */ = {isa = PBXBuildFile; fileRef = D30605051E5E6656007BE6F0 /* Timer.swift */; };
/* End PBXBuildFile section */

/* Begin PBXContainerItemProxy section */
		607FACE61AFB9204008FA782 /* PBXContainerItemProxy */ = {
			isa = PBXContainerItemProxy;
			containerPortal = 607FACC81AFB9204008FA782 /* Project object */;
			proxyType = 1;
			remoteGlobalIDString = 607FACCF1AFB9204008FA782;
			remoteInfo = Cycle;
		};
/* End PBXContainerItemProxy section */

/* Begin PBXFileReference section */
		08ACA2DE327DC288C4F20C4E /* Pods-URL Action Outgoing.release.xcconfig */ = {isa = PBXFileReference; includeInIndex = 1; lastKnownFileType = text.xcconfig; name = "Pods-URL Action Outgoing.release.xcconfig"; path = "Pods/Target Support Files/Pods-URL Action Outgoing/Pods-URL Action Outgoing.release.xcconfig"; sourceTree = "<group>"; };
		124EBB9706B4D6B114847114 /* Pods-Integer Mutation.debug.xcconfig */ = {isa = PBXFileReference; includeInIndex = 1; lastKnownFileType = text.xcconfig; name = "Pods-Integer Mutation.debug.xcconfig"; path = "Pods/Target Support Files/Pods-Integer Mutation/Pods-Integer Mutation.debug.xcconfig"; sourceTree = "<group>"; };
		20983B48B2B20294687C61B1 /* Pods-Integer Mutation Animated.debug.xcconfig */ = {isa = PBXFileReference; includeInIndex = 1; lastKnownFileType = text.xcconfig; name = "Pods-Integer Mutation Animated.debug.xcconfig"; path = "Pods/Target Support Files/Pods-Integer Mutation Animated/Pods-Integer Mutation Animated.debug.xcconfig"; sourceTree = "<group>"; };
		317E148C399785E3FB17DF26 /* Pods_Integer_Mutation_Animated.framework */ = {isa = PBXFileReference; explicitFileType = wrapper.framework; includeInIndex = 0; path = Pods_Integer_Mutation_Animated.framework; sourceTree = BUILT_PRODUCTS_DIR; };
		3AA4A99649B249812102922E /* Pods-Cycle_Tests.debug.xcconfig */ = {isa = PBXFileReference; includeInIndex = 1; lastKnownFileType = text.xcconfig; name = "Pods-Cycle_Tests.debug.xcconfig"; path = "Pods/Target Support Files/Pods-Cycle_Tests/Pods-Cycle_Tests.debug.xcconfig"; sourceTree = "<group>"; };
		42736C56E7E7C9DD3182C80A /* Pods_Push_Notification_Registration.framework */ = {isa = PBXFileReference; explicitFileType = wrapper.framework; includeInIndex = 0; path = Pods_Push_Notification_Registration.framework; sourceTree = BUILT_PRODUCTS_DIR; };
		4AB3EC56074E54409661B9B4 /* Pods_Integer_Mutation.framework */ = {isa = PBXFileReference; explicitFileType = wrapper.framework; includeInIndex = 0; path = Pods_Integer_Mutation.framework; sourceTree = BUILT_PRODUCTS_DIR; };
		59CB5A39938CE7D43F74F490 /* Pods-Shortcut Items.release.xcconfig */ = {isa = PBXFileReference; includeInIndex = 1; lastKnownFileType = text.xcconfig; name = "Pods-Shortcut Items.release.xcconfig"; path = "Pods/Target Support Files/Pods-Shortcut Items/Pods-Shortcut Items.release.xcconfig"; sourceTree = "<group>"; };
		607FACD01AFB9204008FA782 /* Push Notification Registration.app */ = {isa = PBXFileReference; explicitFileType = wrapper.application; includeInIndex = 0; path = "Push Notification Registration.app"; sourceTree = BUILT_PRODUCTS_DIR; };
		607FACE51AFB9204008FA782 /* Cycle_Tests.xctest */ = {isa = PBXFileReference; explicitFileType = wrapper.cfbundle; includeInIndex = 0; path = Cycle_Tests.xctest; sourceTree = BUILT_PRODUCTS_DIR; };
		607FACEA1AFB9204008FA782 /* Info.plist */ = {isa = PBXFileReference; lastKnownFileType = text.plist.xml; path = Info.plist; sourceTree = "<group>"; };
		6440E544A28D0F2C29F2C9DC /* README.md */ = {isa = PBXFileReference; includeInIndex = 1; lastKnownFileType = net.daringfireball.markdown; name = README.md; path = ../README.md; sourceTree = "<group>"; };
		75F28F672F62AF841428AAE8 /* Pods_Shortcut_Items.framework */ = {isa = PBXFileReference; explicitFileType = wrapper.framework; includeInIndex = 0; path = Pods_Shortcut_Items.framework; sourceTree = BUILT_PRODUCTS_DIR; };
		9120CAA4936BFC64D1944E92 /* LICENSE */ = {isa = PBXFileReference; includeInIndex = 1; lastKnownFileType = text; name = LICENSE; path = ../LICENSE; sourceTree = "<group>"; };
		AA7BC5246F97C93631F0B54F /* Pods_URL_Action_Outgoing.framework */ = {isa = PBXFileReference; explicitFileType = wrapper.framework; includeInIndex = 0; path = Pods_URL_Action_Outgoing.framework; sourceTree = BUILT_PRODUCTS_DIR; };
		B9280940FB822B304F4C25BB /* Pods-Push Notification Registration.release.xcconfig */ = {isa = PBXFileReference; includeInIndex = 1; lastKnownFileType = text.xcconfig; name = "Pods-Push Notification Registration.release.xcconfig"; path = "Pods/Target Support Files/Pods-Push Notification Registration/Pods-Push Notification Registration.release.xcconfig"; sourceTree = "<group>"; };
		D30604E41E5E5247007BE6F0 /* Base */ = {isa = PBXFileReference; lastKnownFileType = file.xib; name = Base; path = Base.lproj/LaunchScreen.xib; sourceTree = "<group>"; };
		D30604E71E5E5247007BE6F0 /* Images.xcassets */ = {isa = PBXFileReference; lastKnownFileType = folder.assetcatalog; path = Images.xcassets; sourceTree = "<group>"; };
		D30604E81E5E5247007BE6F0 /* Info.plist */ = {isa = PBXFileReference; fileEncoding = 4; lastKnownFileType = text.plist.xml; path = Info.plist; sourceTree = "<group>"; };
		D30604F01E5E5433007BE6F0 /* PushNotificationRegistration.swift */ = {isa = PBXFileReference; fileEncoding = 4; lastKnownFileType = sourcecode.swift; path = PushNotificationRegistration.swift; sourceTree = "<group>"; };
		D30605011E5E65FD007BE6F0 /* Shortcut Items.app */ = {isa = PBXFileReference; explicitFileType = wrapper.application; includeInIndex = 0; path = "Shortcut Items.app"; sourceTree = BUILT_PRODUCTS_DIR; };
		D30605041E5E6656007BE6F0 /* ShortcutItems.swift */ = {isa = PBXFileReference; fileEncoding = 4; lastKnownFileType = sourcecode.swift; path = ShortcutItems.swift; sourceTree = "<group>"; };
		D30605051E5E6656007BE6F0 /* Timer.swift */ = {isa = PBXFileReference; fileEncoding = 4; lastKnownFileType = sourcecode.swift; path = Timer.swift; sourceTree = "<group>"; };
		D306051A1E5E9CD5007BE6F0 /* Integer Mutation.app */ = {isa = PBXFileReference; explicitFileType = wrapper.application; includeInIndex = 0; path = "Integer Mutation.app"; sourceTree = BUILT_PRODUCTS_DIR; };
		D306051D1E5E9D46007BE6F0 /* IntegerMutatingApp.swift */ = {isa = PBXFileReference; fileEncoding = 4; lastKnownFileType = sourcecode.swift; path = IntegerMutatingApp.swift; sourceTree = "<group>"; };
		D306051E1E5E9D46007BE6F0 /* ValueToggler.swift */ = {isa = PBXFileReference; fileEncoding = 4; lastKnownFileType = sourcecode.swift; path = ValueToggler.swift; sourceTree = "<group>"; };
		D30605211E5EA2ED007BE6F0 /* Info.plist */ = {isa = PBXFileReference; fileEncoding = 4; lastKnownFileType = text.plist.xml; path = Info.plist; sourceTree = "<group>"; };
		D30605231E5EA303007BE6F0 /* Info.plist */ = {isa = PBXFileReference; fileEncoding = 4; lastKnownFileType = text.plist.xml; path = Info.plist; sourceTree = "<group>"; };
		D30605261E5EA45D007BE6F0 /* URLActionOutgoing.swift */ = {isa = PBXFileReference; fileEncoding = 4; lastKnownFileType = sourcecode.swift; path = URLActionOutgoing.swift; sourceTree = "<group>"; };
		D30605381E5EA484007BE6F0 /* URL Action Outgoing.app */ = {isa = PBXFileReference; explicitFileType = wrapper.application; includeInIndex = 0; path = "URL Action Outgoing.app"; sourceTree = BUILT_PRODUCTS_DIR; };
		D306053A1E5EA4F0007BE6F0 /* Info.plist */ = {isa = PBXFileReference; fileEncoding = 4; lastKnownFileType = text.plist.xml; path = Info.plist; sourceTree = "<group>"; };
		D306053D1E5EAC4D007BE6F0 /* RxUIApplicationTestCase.swift */ = {isa = PBXFileReference; fileEncoding = 4; lastKnownFileType = sourcecode.swift; path = RxUIApplicationTestCase.swift; sourceTree = "<group>"; };
		D31FAC81201691A20015FD22 /* Integer Mutation Animated.app */ = {isa = PBXFileReference; explicitFileType = wrapper.application; includeInIndex = 0; path = "Integer Mutation Animated.app"; sourceTree = BUILT_PRODUCTS_DIR; };
		D31FAC82201691A30015FD22 /* Integer Mutation copy-Info.plist */ = {isa = PBXFileReference; lastKnownFileType = text.plist.xml; name = "Integer Mutation copy-Info.plist"; path = "/Users/brian/Downloads/Cycle.swift/Example/Integer Mutation copy-Info.plist"; sourceTree = "<absolute>"; };
		D31FAC84201691CB0015FD22 /* IntegerMutatingApp.swift */ = {isa = PBXFileReference; fileEncoding = 4; lastKnownFileType = sourcecode.swift; path = IntegerMutatingApp.swift; sourceTree = "<group>"; };
		D31FAC85201691CB0015FD22 /* ValueToggler.swift */ = {isa = PBXFileReference; fileEncoding = 4; lastKnownFileType = sourcecode.swift; path = ValueToggler.swift; sourceTree = "<group>"; };
		D31FAC86201691CB0015FD22 /* Info.plist */ = {isa = PBXFileReference; fileEncoding = 4; lastKnownFileType = text.plist.xml; path = Info.plist; sourceTree = "<group>"; };
		E1B19028411EE9E028DA971D /* Pods-URL Action Outgoing.debug.xcconfig */ = {isa = PBXFileReference; includeInIndex = 1; lastKnownFileType = text.xcconfig; name = "Pods-URL Action Outgoing.debug.xcconfig"; path = "Pods/Target Support Files/Pods-URL Action Outgoing/Pods-URL Action Outgoing.debug.xcconfig"; sourceTree = "<group>"; };
		E7642C66690A3E83DA25F858 /* Pods-Cycle_Tests.release.xcconfig */ = {isa = PBXFileReference; includeInIndex = 1; lastKnownFileType = text.xcconfig; name = "Pods-Cycle_Tests.release.xcconfig"; path = "Pods/Target Support Files/Pods-Cycle_Tests/Pods-Cycle_Tests.release.xcconfig"; sourceTree = "<group>"; };
		EC211370C6C0D3412E7DD7CF /* Pods-Shortcut Items.debug.xcconfig */ = {isa = PBXFileReference; includeInIndex = 1; lastKnownFileType = text.xcconfig; name = "Pods-Shortcut Items.debug.xcconfig"; path = "Pods/Target Support Files/Pods-Shortcut Items/Pods-Shortcut Items.debug.xcconfig"; sourceTree = "<group>"; };
		EFFE61F5B3D0191C0B3FACD9 /* Pods-Integer Mutation.release.xcconfig */ = {isa = PBXFileReference; includeInIndex = 1; lastKnownFileType = text.xcconfig; name = "Pods-Integer Mutation.release.xcconfig"; path = "Pods/Target Support Files/Pods-Integer Mutation/Pods-Integer Mutation.release.xcconfig"; sourceTree = "<group>"; };
		F430C48707BD4E2C0108D079 /* Cycle.podspec */ = {isa = PBXFileReference; includeInIndex = 1; lastKnownFileType = text; name = Cycle.podspec; path = ../Cycle.podspec; sourceTree = "<group>"; };
		F577E03DC31E3AAF72698535 /* Pods-Push Notification Registration.debug.xcconfig */ = {isa = PBXFileReference; includeInIndex = 1; lastKnownFileType = text.xcconfig; name = "Pods-Push Notification Registration.debug.xcconfig"; path = "Pods/Target Support Files/Pods-Push Notification Registration/Pods-Push Notification Registration.debug.xcconfig"; sourceTree = "<group>"; };
		FB865E51D770F4486561A9BB /* Pods_Cycle_Tests.framework */ = {isa = PBXFileReference; explicitFileType = wrapper.framework; includeInIndex = 0; path = Pods_Cycle_Tests.framework; sourceTree = BUILT_PRODUCTS_DIR; };
		FFF0458912A447A5D0B4BA2F /* Pods-Integer Mutation Animated.release.xcconfig */ = {isa = PBXFileReference; includeInIndex = 1; lastKnownFileType = text.xcconfig; name = "Pods-Integer Mutation Animated.release.xcconfig"; path = "Pods/Target Support Files/Pods-Integer Mutation Animated/Pods-Integer Mutation Animated.release.xcconfig"; sourceTree = "<group>"; };
/* End PBXFileReference section */

/* Begin PBXFrameworksBuildPhase section */
		607FACCD1AFB9204008FA782 /* Frameworks */ = {
			isa = PBXFrameworksBuildPhase;
			buildActionMask = 2147483647;
			files = (
				116BAEF0A276C537C2030BAA /* Pods_Push_Notification_Registration.framework in Frameworks */,
			);
			runOnlyForDeploymentPostprocessing = 0;
		};
		607FACE21AFB9204008FA782 /* Frameworks */ = {
			isa = PBXFrameworksBuildPhase;
			buildActionMask = 2147483647;
			files = (
				4435AF1D8F701EF66E80633F /* Pods_Cycle_Tests.framework in Frameworks */,
			);
			runOnlyForDeploymentPostprocessing = 0;
		};
		D30604F61E5E65FD007BE6F0 /* Frameworks */ = {
			isa = PBXFrameworksBuildPhase;
			buildActionMask = 2147483647;
			files = (
				B84ACAA946FD4DCD6390E833 /* Pods_Shortcut_Items.framework in Frameworks */,
			);
			runOnlyForDeploymentPostprocessing = 0;
		};
		D306050F1E5E9CD5007BE6F0 /* Frameworks */ = {
			isa = PBXFrameworksBuildPhase;
			buildActionMask = 2147483647;
			files = (
				6193D45BC042E84E20128B03 /* Pods_Integer_Mutation.framework in Frameworks */,
			);
			runOnlyForDeploymentPostprocessing = 0;
		};
		D306052D1E5EA484007BE6F0 /* Frameworks */ = {
			isa = PBXFrameworksBuildPhase;
			buildActionMask = 2147483647;
			files = (
				D306052E1E5EA484007BE6F0 /* Pods_Integer_Mutation.framework in Frameworks */,
				32A283687262EF38B424F3B8 /* Pods_URL_Action_Outgoing.framework in Frameworks */,
			);
			runOnlyForDeploymentPostprocessing = 0;
		};
		D31FAC77201691A20015FD22 /* Frameworks */ = {
			isa = PBXFrameworksBuildPhase;
			buildActionMask = 2147483647;
			files = (
				D31FAC78201691A20015FD22 /* Pods_Integer_Mutation.framework in Frameworks */,
				1203B012752B90495253878C /* Pods_Integer_Mutation_Animated.framework in Frameworks */,
			);
			runOnlyForDeploymentPostprocessing = 0;
		};
/* End PBXFrameworksBuildPhase section */

/* Begin PBXGroup section */
		420949623F63038D9B3C3651 /* Frameworks */ = {
			isa = PBXGroup;
			children = (
				FB865E51D770F4486561A9BB /* Pods_Cycle_Tests.framework */,
				42736C56E7E7C9DD3182C80A /* Pods_Push_Notification_Registration.framework */,
				75F28F672F62AF841428AAE8 /* Pods_Shortcut_Items.framework */,
				4AB3EC56074E54409661B9B4 /* Pods_Integer_Mutation.framework */,
				AA7BC5246F97C93631F0B54F /* Pods_URL_Action_Outgoing.framework */,
				317E148C399785E3FB17DF26 /* Pods_Integer_Mutation_Animated.framework */,
			);
			name = Frameworks;
			sourceTree = "<group>";
		};
		607FACC71AFB9204008FA782 = {
			isa = PBXGroup;
			children = (
				607FACF51AFB993E008FA782 /* Podspec Metadata */,
				607FACD21AFB9204008FA782 /* Examples */,
				607FACE81AFB9204008FA782 /* Tests */,
				607FACD11AFB9204008FA782 /* Products */,
				F9A6C6FB5832BFCE3FED7321 /* Pods */,
				420949623F63038D9B3C3651 /* Frameworks */,
				D31FAC82201691A30015FD22 /* Integer Mutation copy-Info.plist */,
			);
			sourceTree = "<group>";
		};
		607FACD11AFB9204008FA782 /* Products */ = {
			isa = PBXGroup;
			children = (
				607FACD01AFB9204008FA782 /* Push Notification Registration.app */,
				607FACE51AFB9204008FA782 /* Cycle_Tests.xctest */,
				D30605011E5E65FD007BE6F0 /* Shortcut Items.app */,
				D306051A1E5E9CD5007BE6F0 /* Integer Mutation.app */,
				D30605381E5EA484007BE6F0 /* URL Action Outgoing.app */,
				D31FAC81201691A20015FD22 /* Integer Mutation Animated.app */,
			);
			name = Products;
			sourceTree = "<group>";
		};
		607FACD21AFB9204008FA782 /* Examples */ = {
			isa = PBXGroup;
			children = (
				D306051C1E5E9D46007BE6F0 /* Integer Mutation */,
				D31FAC83201691CB0015FD22 /* Integer Mutation Animated */,
				D30605031E5E6656007BE6F0 /* Shortcut Items */,
				D30604E11E5E5247007BE6F0 /* Push Notification Registration */,
				D30605251E5EA45D007BE6F0 /* URLActionOutgoing */,
			);
			name = Examples;
			path = Cycle;
			sourceTree = "<group>";
		};
		607FACE81AFB9204008FA782 /* Tests */ = {
			isa = PBXGroup;
			children = (
				D306053D1E5EAC4D007BE6F0 /* RxUIApplicationTestCase.swift */,
				607FACE91AFB9204008FA782 /* Supporting Files */,
			);
			path = Tests;
			sourceTree = "<group>";
		};
		607FACE91AFB9204008FA782 /* Supporting Files */ = {
			isa = PBXGroup;
			children = (
				607FACEA1AFB9204008FA782 /* Info.plist */,
			);
			name = "Supporting Files";
			sourceTree = "<group>";
		};
		607FACF51AFB993E008FA782 /* Podspec Metadata */ = {
			isa = PBXGroup;
			children = (
				F430C48707BD4E2C0108D079 /* Cycle.podspec */,
				6440E544A28D0F2C29F2C9DC /* README.md */,
				9120CAA4936BFC64D1944E92 /* LICENSE */,
			);
			name = "Podspec Metadata";
			sourceTree = "<group>";
		};
		D30604E11E5E5247007BE6F0 /* Push Notification Registration */ = {
			isa = PBXGroup;
			children = (
				D30604F01E5E5433007BE6F0 /* PushNotificationRegistration.swift */,
				D30604E31E5E5247007BE6F0 /* LaunchScreen.xib */,
				D30604E71E5E5247007BE6F0 /* Images.xcassets */,
				D30604E81E5E5247007BE6F0 /* Info.plist */,
			);
			path = "Push Notification Registration";
			sourceTree = "<group>";
		};
		D30605031E5E6656007BE6F0 /* Shortcut Items */ = {
			isa = PBXGroup;
			children = (
				D30605041E5E6656007BE6F0 /* ShortcutItems.swift */,
				D30605051E5E6656007BE6F0 /* Timer.swift */,
				D30605231E5EA303007BE6F0 /* Info.plist */,
			);
			path = "Shortcut Items";
			sourceTree = "<group>";
		};
		D306051C1E5E9D46007BE6F0 /* Integer Mutation */ = {
			isa = PBXGroup;
			children = (
				D306051D1E5E9D46007BE6F0 /* IntegerMutatingApp.swift */,
				D306051E1E5E9D46007BE6F0 /* ValueToggler.swift */,
				D30605211E5EA2ED007BE6F0 /* Info.plist */,
			);
			path = "Integer Mutation";
			sourceTree = "<group>";
		};
		D30605251E5EA45D007BE6F0 /* URLActionOutgoing */ = {
			isa = PBXGroup;
			children = (
				D30605261E5EA45D007BE6F0 /* URLActionOutgoing.swift */,
				D306053A1E5EA4F0007BE6F0 /* Info.plist */,
			);
			path = URLActionOutgoing;
			sourceTree = "<group>";
		};
		D31FAC83201691CB0015FD22 /* Integer Mutation Animated */ = {
			isa = PBXGroup;
			children = (
				D31FAC84201691CB0015FD22 /* IntegerMutatingApp.swift */,
				D31FAC85201691CB0015FD22 /* ValueToggler.swift */,
				D31FAC86201691CB0015FD22 /* Info.plist */,
			);
			path = "Integer Mutation Animated";
			sourceTree = "<group>";
		};
		F9A6C6FB5832BFCE3FED7321 /* Pods */ = {
			isa = PBXGroup;
			children = (
				3AA4A99649B249812102922E /* Pods-Cycle_Tests.debug.xcconfig */,
				E7642C66690A3E83DA25F858 /* Pods-Cycle_Tests.release.xcconfig */,
				F577E03DC31E3AAF72698535 /* Pods-Push Notification Registration.debug.xcconfig */,
				B9280940FB822B304F4C25BB /* Pods-Push Notification Registration.release.xcconfig */,
				EC211370C6C0D3412E7DD7CF /* Pods-Shortcut Items.debug.xcconfig */,
				59CB5A39938CE7D43F74F490 /* Pods-Shortcut Items.release.xcconfig */,
				124EBB9706B4D6B114847114 /* Pods-Integer Mutation.debug.xcconfig */,
				EFFE61F5B3D0191C0B3FACD9 /* Pods-Integer Mutation.release.xcconfig */,
				E1B19028411EE9E028DA971D /* Pods-URL Action Outgoing.debug.xcconfig */,
				08ACA2DE327DC288C4F20C4E /* Pods-URL Action Outgoing.release.xcconfig */,
				20983B48B2B20294687C61B1 /* Pods-Integer Mutation Animated.debug.xcconfig */,
				FFF0458912A447A5D0B4BA2F /* Pods-Integer Mutation Animated.release.xcconfig */,
			);
			name = Pods;
			sourceTree = "<group>";
		};
/* End PBXGroup section */

/* Begin PBXNativeTarget section */
		607FACCF1AFB9204008FA782 /* Push Notification Registration */ = {
			isa = PBXNativeTarget;
			buildConfigurationList = 607FACEF1AFB9204008FA782 /* Build configuration list for PBXNativeTarget "Push Notification Registration" */;
			buildPhases = (
				61CD1E1D9636CC275D10345A /* [CP] Check Pods Manifest.lock */,
				607FACCC1AFB9204008FA782 /* Sources */,
				607FACCD1AFB9204008FA782 /* Frameworks */,
				607FACCE1AFB9204008FA782 /* Resources */,
				E2D9D9C9C700B8534D582081 /* [CP] Embed Pods Frameworks */,
			);
			buildRules = (
			);
			dependencies = (
			);
			name = "Push Notification Registration";
			productName = Cycle;
			productReference = 607FACD01AFB9204008FA782 /* Push Notification Registration.app */;
			productType = "com.apple.product-type.application";
		};
		607FACE41AFB9204008FA782 /* Cycle_Tests */ = {
			isa = PBXNativeTarget;
			buildConfigurationList = 607FACF21AFB9204008FA782 /* Build configuration list for PBXNativeTarget "Cycle_Tests" */;
			buildPhases = (
				1396075EBBDBBA616E36A6DE /* [CP] Check Pods Manifest.lock */,
				607FACE11AFB9204008FA782 /* Sources */,
				607FACE21AFB9204008FA782 /* Frameworks */,
				607FACE31AFB9204008FA782 /* Resources */,
			);
			buildRules = (
			);
			dependencies = (
				607FACE71AFB9204008FA782 /* PBXTargetDependency */,
			);
			name = Cycle_Tests;
			productName = Tests;
			productReference = 607FACE51AFB9204008FA782 /* Cycle_Tests.xctest */;
			productType = "com.apple.product-type.bundle.unit-test";
		};
		D30604F21E5E65FD007BE6F0 /* Shortcut Items */ = {
			isa = PBXNativeTarget;
			buildConfigurationList = D30604FE1E5E65FD007BE6F0 /* Build configuration list for PBXNativeTarget "Shortcut Items" */;
			buildPhases = (
				D30604F31E5E65FD007BE6F0 /* [CP] Check Pods Manifest.lock */,
				D30604F41E5E65FD007BE6F0 /* Sources */,
				D30604F61E5E65FD007BE6F0 /* Frameworks */,
				D30604F81E5E65FD007BE6F0 /* Resources */,
				D30604FC1E5E65FD007BE6F0 /* [CP] Embed Pods Frameworks */,
			);
			buildRules = (
			);
			dependencies = (
			);
			name = "Shortcut Items";
			productName = Cycle;
			productReference = D30605011E5E65FD007BE6F0 /* Shortcut Items.app */;
			productType = "com.apple.product-type.application";
		};
		D306050A1E5E9CD5007BE6F0 /* Integer Mutation */ = {
			isa = PBXNativeTarget;
			buildConfigurationList = D30605171E5E9CD5007BE6F0 /* Build configuration list for PBXNativeTarget "Integer Mutation" */;
			buildPhases = (
				651608F1F16BAF16E2F02C38 /* [CP] Check Pods Manifest.lock */,
				D306050C1E5E9CD5007BE6F0 /* Sources */,
				D306050F1E5E9CD5007BE6F0 /* Frameworks */,
				D30605111E5E9CD5007BE6F0 /* Resources */,
				FFADCAC39CB3E931F6825C67 /* [CP] Embed Pods Frameworks */,
			);
			buildRules = (
			);
			dependencies = (
			);
			name = "Integer Mutation";
			productName = Cycle;
			productReference = D306051A1E5E9CD5007BE6F0 /* Integer Mutation.app */;
			productType = "com.apple.product-type.application";
		};
		D30605281E5EA484007BE6F0 /* URL Action Outgoing */ = {
			isa = PBXNativeTarget;
			buildConfigurationList = D30605351E5EA484007BE6F0 /* Build configuration list for PBXNativeTarget "URL Action Outgoing" */;
			buildPhases = (
				D30605291E5EA484007BE6F0 /* [CP] Check Pods Manifest.lock */,
				D306052A1E5EA484007BE6F0 /* Sources */,
				D306052D1E5EA484007BE6F0 /* Frameworks */,
				D306052F1E5EA484007BE6F0 /* Resources */,
				D30605331E5EA484007BE6F0 /* [CP] Embed Pods Frameworks */,
			);
			buildRules = (
			);
			dependencies = (
			);
			name = "URL Action Outgoing";
			productName = Cycle;
			productReference = D30605381E5EA484007BE6F0 /* URL Action Outgoing.app */;
			productType = "com.apple.product-type.application";
		};
		D31FAC71201691A20015FD22 /* Integer Mutation Animated */ = {
			isa = PBXNativeTarget;
			buildConfigurationList = D31FAC7E201691A20015FD22 /* Build configuration list for PBXNativeTarget "Integer Mutation Animated" */;
			buildPhases = (
				D31FAC72201691A20015FD22 /* [CP] Check Pods Manifest.lock */,
				D31FAC73201691A20015FD22 /* Sources */,
				D31FAC77201691A20015FD22 /* Frameworks */,
				D31FAC79201691A20015FD22 /* Resources */,
				D31FAC7C201691A20015FD22 /* [CP] Embed Pods Frameworks */,
			);
			buildRules = (
			);
			dependencies = (
			);
			name = "Integer Mutation Animated";
			productName = Cycle;
			productReference = D31FAC81201691A20015FD22 /* Integer Mutation Animated.app */;
			productType = "com.apple.product-type.application";
		};
/* End PBXNativeTarget section */

/* Begin PBXProject section */
		607FACC81AFB9204008FA782 /* Project object */ = {
			isa = PBXProject;
			attributes = {
				LastSwiftUpdateCheck = 0720;
				LastUpgradeCheck = 0940;
				ORGANIZATIONNAME = CocoaPods;
				TargetAttributes = {
					607FACCF1AFB9204008FA782 = {
						CreatedOnToolsVersion = 6.3.1;
						LastSwiftMigration = 0820;
					};
					607FACE41AFB9204008FA782 = {
						CreatedOnToolsVersion = 6.3.1;
						LastSwiftMigration = 0820;
						TestTargetID = 607FACCF1AFB9204008FA782;
					};
				};
			};
			buildConfigurationList = 607FACCB1AFB9204008FA782 /* Build configuration list for PBXProject "Cycle" */;
			compatibilityVersion = "Xcode 3.2";
			developmentRegion = English;
			hasScannedForEncodings = 0;
			knownRegions = (
				en,
				Base,
			);
			mainGroup = 607FACC71AFB9204008FA782;
			productRefGroup = 607FACD11AFB9204008FA782 /* Products */;
			projectDirPath = "";
			projectRoot = "";
			targets = (
				607FACCF1AFB9204008FA782 /* Push Notification Registration */,
				D30604F21E5E65FD007BE6F0 /* Shortcut Items */,
				D306050A1E5E9CD5007BE6F0 /* Integer Mutation */,
				D31FAC71201691A20015FD22 /* Integer Mutation Animated */,
				D30605281E5EA484007BE6F0 /* URL Action Outgoing */,
				607FACE41AFB9204008FA782 /* Cycle_Tests */,
			);
		};
/* End PBXProject section */

/* Begin PBXResourcesBuildPhase section */
		607FACCE1AFB9204008FA782 /* Resources */ = {
			isa = PBXResourcesBuildPhase;
			buildActionMask = 2147483647;
			files = (
				D30604ED1E5E5247007BE6F0 /* Images.xcassets in Resources */,
				D30604EB1E5E5247007BE6F0 /* LaunchScreen.xib in Resources */,
			);
			runOnlyForDeploymentPostprocessing = 0;
		};
		607FACE31AFB9204008FA782 /* Resources */ = {
			isa = PBXResourcesBuildPhase;
			buildActionMask = 2147483647;
			files = (
			);
			runOnlyForDeploymentPostprocessing = 0;
		};
		D30604F81E5E65FD007BE6F0 /* Resources */ = {
			isa = PBXResourcesBuildPhase;
			buildActionMask = 2147483647;
			files = (
				D30604FA1E5E65FD007BE6F0 /* Images.xcassets in Resources */,
				D30604FB1E5E65FD007BE6F0 /* LaunchScreen.xib in Resources */,
			);
			runOnlyForDeploymentPostprocessing = 0;
		};
		D30605111E5E9CD5007BE6F0 /* Resources */ = {
			isa = PBXResourcesBuildPhase;
			buildActionMask = 2147483647;
			files = (
				D30605131E5E9CD5007BE6F0 /* Images.xcassets in Resources */,
				D30605141E5E9CD5007BE6F0 /* LaunchScreen.xib in Resources */,
			);
			runOnlyForDeploymentPostprocessing = 0;
		};
		D306052F1E5EA484007BE6F0 /* Resources */ = {
			isa = PBXResourcesBuildPhase;
			buildActionMask = 2147483647;
			files = (
				D30605301E5EA484007BE6F0 /* Images.xcassets in Resources */,
				D30605311E5EA484007BE6F0 /* LaunchScreen.xib in Resources */,
			);
			runOnlyForDeploymentPostprocessing = 0;
		};
		D31FAC79201691A20015FD22 /* Resources */ = {
			isa = PBXResourcesBuildPhase;
			buildActionMask = 2147483647;
			files = (
				D31FAC7A201691A20015FD22 /* Images.xcassets in Resources */,
				D31FAC7B201691A20015FD22 /* LaunchScreen.xib in Resources */,
				D31FAC89201691CB0015FD22 /* Info.plist in Resources */,
			);
			runOnlyForDeploymentPostprocessing = 0;
		};
/* End PBXResourcesBuildPhase section */

/* Begin PBXShellScriptBuildPhase section */
		1396075EBBDBBA616E36A6DE /* [CP] Check Pods Manifest.lock */ = {
			isa = PBXShellScriptBuildPhase;
			buildActionMask = 2147483647;
			files = (
			);
			inputPaths = (
				"${PODS_PODFILE_DIR_PATH}/Podfile.lock",
				"${PODS_ROOT}/Manifest.lock",
			);
			name = "[CP] Check Pods Manifest.lock";
			outputPaths = (
				"$(DERIVED_FILE_DIR)/Pods-Cycle_Tests-checkManifestLockResult.txt",
			);
			runOnlyForDeploymentPostprocessing = 0;
			shellPath = /bin/sh;
			shellScript = "diff \"${PODS_PODFILE_DIR_PATH}/Podfile.lock\" \"${PODS_ROOT}/Manifest.lock\" > /dev/null\nif [ $? != 0 ] ; then\n    # print error to STDERR\n    echo \"error: The sandbox is not in sync with the Podfile.lock. Run 'pod install' or update your CocoaPods installation.\" >&2\n    exit 1\nfi\n# This output is used by Xcode 'outputs' to avoid re-running this script phase.\necho \"SUCCESS\" > \"${SCRIPT_OUTPUT_FILE_0}\"\n";
			showEnvVarsInLog = 0;
		};
		61CD1E1D9636CC275D10345A /* [CP] Check Pods Manifest.lock */ = {
			isa = PBXShellScriptBuildPhase;
			buildActionMask = 2147483647;
			files = (
			);
			inputPaths = (
				"${PODS_PODFILE_DIR_PATH}/Podfile.lock",
				"${PODS_ROOT}/Manifest.lock",
			);
			name = "[CP] Check Pods Manifest.lock";
			outputPaths = (
				"$(DERIVED_FILE_DIR)/Pods-Push Notification Registration-checkManifestLockResult.txt",
			);
			runOnlyForDeploymentPostprocessing = 0;
			shellPath = /bin/sh;
			shellScript = "diff \"${PODS_PODFILE_DIR_PATH}/Podfile.lock\" \"${PODS_ROOT}/Manifest.lock\" > /dev/null\nif [ $? != 0 ] ; then\n    # print error to STDERR\n    echo \"error: The sandbox is not in sync with the Podfile.lock. Run 'pod install' or update your CocoaPods installation.\" >&2\n    exit 1\nfi\n# This output is used by Xcode 'outputs' to avoid re-running this script phase.\necho \"SUCCESS\" > \"${SCRIPT_OUTPUT_FILE_0}\"\n";
			showEnvVarsInLog = 0;
		};
		651608F1F16BAF16E2F02C38 /* [CP] Check Pods Manifest.lock */ = {
			isa = PBXShellScriptBuildPhase;
			buildActionMask = 2147483647;
			files = (
			);
			inputPaths = (
				"${PODS_PODFILE_DIR_PATH}/Podfile.lock",
				"${PODS_ROOT}/Manifest.lock",
			);
			name = "[CP] Check Pods Manifest.lock";
			outputPaths = (
				"$(DERIVED_FILE_DIR)/Pods-Integer Mutation-checkManifestLockResult.txt",
			);
			runOnlyForDeploymentPostprocessing = 0;
			shellPath = /bin/sh;
			shellScript = "diff \"${PODS_PODFILE_DIR_PATH}/Podfile.lock\" \"${PODS_ROOT}/Manifest.lock\" > /dev/null\nif [ $? != 0 ] ; then\n    # print error to STDERR\n    echo \"error: The sandbox is not in sync with the Podfile.lock. Run 'pod install' or update your CocoaPods installation.\" >&2\n    exit 1\nfi\n# This output is used by Xcode 'outputs' to avoid re-running this script phase.\necho \"SUCCESS\" > \"${SCRIPT_OUTPUT_FILE_0}\"\n";
			showEnvVarsInLog = 0;
		};
		D30604F31E5E65FD007BE6F0 /* [CP] Check Pods Manifest.lock */ = {
			isa = PBXShellScriptBuildPhase;
			buildActionMask = 2147483647;
			files = (
			);
			inputPaths = (
				"${PODS_PODFILE_DIR_PATH}/Podfile.lock",
				"${PODS_ROOT}/Manifest.lock",
			);
			name = "[CP] Check Pods Manifest.lock";
			outputPaths = (
				"$(DERIVED_FILE_DIR)/Pods-Shortcut Items-checkManifestLockResult.txt",
			);
			runOnlyForDeploymentPostprocessing = 0;
			shellPath = /bin/sh;
			shellScript = "diff \"${PODS_PODFILE_DIR_PATH}/Podfile.lock\" \"${PODS_ROOT}/Manifest.lock\" > /dev/null\nif [ $? != 0 ] ; then\n    # print error to STDERR\n    echo \"error: The sandbox is not in sync with the Podfile.lock. Run 'pod install' or update your CocoaPods installation.\" >&2\n    exit 1\nfi\n# This output is used by Xcode 'outputs' to avoid re-running this script phase.\necho \"SUCCESS\" > \"${SCRIPT_OUTPUT_FILE_0}\"\n";
			showEnvVarsInLog = 0;
		};
		D30604FC1E5E65FD007BE6F0 /* [CP] Embed Pods Frameworks */ = {
			isa = PBXShellScriptBuildPhase;
			buildActionMask = 2147483647;
			files = (
			);
			inputPaths = (
				"${SRCROOT}/Pods/Target Support Files/Pods-Shortcut Items/Pods-Shortcut Items-frameworks.sh",
				"${BUILT_PRODUCTS_DIR}/Changeset/Changeset.framework",
				"${BUILT_PRODUCTS_DIR}/Cycle/Cycle.framework",
				"${BUILT_PRODUCTS_DIR}/RxSwift/RxSwift.framework",
			);
			name = "[CP] Embed Pods Frameworks";
			outputPaths = (
				"${TARGET_BUILD_DIR}/${FRAMEWORKS_FOLDER_PATH}/Changeset.framework",
				"${TARGET_BUILD_DIR}/${FRAMEWORKS_FOLDER_PATH}/Cycle.framework",
				"${TARGET_BUILD_DIR}/${FRAMEWORKS_FOLDER_PATH}/RxSwift.framework",
			);
			runOnlyForDeploymentPostprocessing = 0;
			shellPath = /bin/sh;
			shellScript = "\"${SRCROOT}/Pods/Target Support Files/Pods-Shortcut Items/Pods-Shortcut Items-frameworks.sh\"\n";
			showEnvVarsInLog = 0;
		};
		D30605291E5EA484007BE6F0 /* [CP] Check Pods Manifest.lock */ = {
			isa = PBXShellScriptBuildPhase;
			buildActionMask = 2147483647;
			files = (
			);
			inputPaths = (
				"${PODS_PODFILE_DIR_PATH}/Podfile.lock",
				"${PODS_ROOT}/Manifest.lock",
			);
			name = "[CP] Check Pods Manifest.lock";
			outputPaths = (
				"$(DERIVED_FILE_DIR)/Pods-URL Action Outgoing-checkManifestLockResult.txt",
			);
			runOnlyForDeploymentPostprocessing = 0;
			shellPath = /bin/sh;
			shellScript = "diff \"${PODS_PODFILE_DIR_PATH}/Podfile.lock\" \"${PODS_ROOT}/Manifest.lock\" > /dev/null\nif [ $? != 0 ] ; then\n    # print error to STDERR\n    echo \"error: The sandbox is not in sync with the Podfile.lock. Run 'pod install' or update your CocoaPods installation.\" >&2\n    exit 1\nfi\n# This output is used by Xcode 'outputs' to avoid re-running this script phase.\necho \"SUCCESS\" > \"${SCRIPT_OUTPUT_FILE_0}\"\n";
			showEnvVarsInLog = 0;
		};
		D30605331E5EA484007BE6F0 /* [CP] Embed Pods Frameworks */ = {
			isa = PBXShellScriptBuildPhase;
			buildActionMask = 2147483647;
			files = (
			);
			inputPaths = (
				"${SRCROOT}/Pods/Target Support Files/Pods-URL Action Outgoing/Pods-URL Action Outgoing-frameworks.sh",
				"${BUILT_PRODUCTS_DIR}/Changeset/Changeset.framework",
				"${BUILT_PRODUCTS_DIR}/Cycle/Cycle.framework",
				"${BUILT_PRODUCTS_DIR}/RxSwift/RxSwift.framework",
			);
			name = "[CP] Embed Pods Frameworks";
			outputPaths = (
				"${TARGET_BUILD_DIR}/${FRAMEWORKS_FOLDER_PATH}/Changeset.framework",
				"${TARGET_BUILD_DIR}/${FRAMEWORKS_FOLDER_PATH}/Cycle.framework",
				"${TARGET_BUILD_DIR}/${FRAMEWORKS_FOLDER_PATH}/RxSwift.framework",
			);
			runOnlyForDeploymentPostprocessing = 0;
			shellPath = /bin/sh;
			shellScript = "\"${SRCROOT}/Pods/Target Support Files/Pods-URL Action Outgoing/Pods-URL Action Outgoing-frameworks.sh\"\n";
			showEnvVarsInLog = 0;
		};
		D31FAC72201691A20015FD22 /* [CP] Check Pods Manifest.lock */ = {
			isa = PBXShellScriptBuildPhase;
			buildActionMask = 2147483647;
			files = (
			);
			inputPaths = (
				"${PODS_PODFILE_DIR_PATH}/Podfile.lock",
				"${PODS_ROOT}/Manifest.lock",
			);
			name = "[CP] Check Pods Manifest.lock";
			outputPaths = (
				"$(DERIVED_FILE_DIR)/Pods-Integer Mutation Animated-checkManifestLockResult.txt",
			);
			runOnlyForDeploymentPostprocessing = 0;
			shellPath = /bin/sh;
			shellScript = "diff \"${PODS_PODFILE_DIR_PATH}/Podfile.lock\" \"${PODS_ROOT}/Manifest.lock\" > /dev/null\nif [ $? != 0 ] ; then\n    # print error to STDERR\n    echo \"error: The sandbox is not in sync with the Podfile.lock. Run 'pod install' or update your CocoaPods installation.\" >&2\n    exit 1\nfi\n# This output is used by Xcode 'outputs' to avoid re-running this script phase.\necho \"SUCCESS\" > \"${SCRIPT_OUTPUT_FILE_0}\"\n";
			showEnvVarsInLog = 0;
		};
		D31FAC7C201691A20015FD22 /* [CP] Embed Pods Frameworks */ = {
			isa = PBXShellScriptBuildPhase;
			buildActionMask = 2147483647;
			files = (
			);
			inputPaths = (
				"${SRCROOT}/Pods/Target Support Files/Pods-Integer Mutation Animated/Pods-Integer Mutation Animated-frameworks.sh",
				"${BUILT_PRODUCTS_DIR}/Changeset/Changeset.framework",
				"${BUILT_PRODUCTS_DIR}/Cycle/Cycle.framework",
				"${BUILT_PRODUCTS_DIR}/RxSwift/RxSwift.framework",
				"${BUILT_PRODUCTS_DIR}/RxCocoa/RxCocoa.framework",
			);
			name = "[CP] Embed Pods Frameworks";
			outputPaths = (
				"${TARGET_BUILD_DIR}/${FRAMEWORKS_FOLDER_PATH}/Changeset.framework",
				"${TARGET_BUILD_DIR}/${FRAMEWORKS_FOLDER_PATH}/Cycle.framework",
				"${TARGET_BUILD_DIR}/${FRAMEWORKS_FOLDER_PATH}/RxSwift.framework",
				"${TARGET_BUILD_DIR}/${FRAMEWORKS_FOLDER_PATH}/RxCocoa.framework",
			);
			runOnlyForDeploymentPostprocessing = 0;
			shellPath = /bin/sh;
			shellScript = "\"${SRCROOT}/Pods/Target Support Files/Pods-Integer Mutation Animated/Pods-Integer Mutation Animated-frameworks.sh\"\n";
			showEnvVarsInLog = 0;
		};
		E2D9D9C9C700B8534D582081 /* [CP] Embed Pods Frameworks */ = {
			isa = PBXShellScriptBuildPhase;
			buildActionMask = 2147483647;
			files = (
			);
			inputPaths = (
				"${SRCROOT}/Pods/Target Support Files/Pods-Push Notification Registration/Pods-Push Notification Registration-frameworks.sh",
				"${BUILT_PRODUCTS_DIR}/Changeset/Changeset.framework",
				"${BUILT_PRODUCTS_DIR}/Cycle/Cycle.framework",
				"${BUILT_PRODUCTS_DIR}/RxSwift/RxSwift.framework",
			);
			name = "[CP] Embed Pods Frameworks";
			outputPaths = (
				"${TARGET_BUILD_DIR}/${FRAMEWORKS_FOLDER_PATH}/Changeset.framework",
				"${TARGET_BUILD_DIR}/${FRAMEWORKS_FOLDER_PATH}/Cycle.framework",
				"${TARGET_BUILD_DIR}/${FRAMEWORKS_FOLDER_PATH}/RxSwift.framework",
			);
			runOnlyForDeploymentPostprocessing = 0;
			shellPath = /bin/sh;
			shellScript = "\"${SRCROOT}/Pods/Target Support Files/Pods-Push Notification Registration/Pods-Push Notification Registration-frameworks.sh\"\n";
			showEnvVarsInLog = 0;
		};
		FFADCAC39CB3E931F6825C67 /* [CP] Embed Pods Frameworks */ = {
			isa = PBXShellScriptBuildPhase;
			buildActionMask = 2147483647;
			files = (
			);
			inputPaths = (
				"${SRCROOT}/Pods/Target Support Files/Pods-Integer Mutation/Pods-Integer Mutation-frameworks.sh",
				"${BUILT_PRODUCTS_DIR}/Changeset/Changeset.framework",
				"${BUILT_PRODUCTS_DIR}/Cycle/Cycle.framework",
				"${BUILT_PRODUCTS_DIR}/RxSwift/RxSwift.framework",
				"${BUILT_PRODUCTS_DIR}/RxCocoa/RxCocoa.framework",
			);
			name = "[CP] Embed Pods Frameworks";
			outputPaths = (
				"${TARGET_BUILD_DIR}/${FRAMEWORKS_FOLDER_PATH}/Changeset.framework",
				"${TARGET_BUILD_DIR}/${FRAMEWORKS_FOLDER_PATH}/Cycle.framework",
				"${TARGET_BUILD_DIR}/${FRAMEWORKS_FOLDER_PATH}/RxSwift.framework",
				"${TARGET_BUILD_DIR}/${FRAMEWORKS_FOLDER_PATH}/RxCocoa.framework",
			);
			runOnlyForDeploymentPostprocessing = 0;
			shellPath = /bin/sh;
			shellScript = "\"${SRCROOT}/Pods/Target Support Files/Pods-Integer Mutation/Pods-Integer Mutation-frameworks.sh\"\n";
			showEnvVarsInLog = 0;
		};
/* End PBXShellScriptBuildPhase section */

/* Begin PBXSourcesBuildPhase section */
		607FACCC1AFB9204008FA782 /* Sources */ = {
			isa = PBXSourcesBuildPhase;
			buildActionMask = 2147483647;
			files = (
				D30604F11E5E5433007BE6F0 /* PushNotificationRegistration.swift in Sources */,
			);
			runOnlyForDeploymentPostprocessing = 0;
		};
		607FACE11AFB9204008FA782 /* Sources */ = {
			isa = PBXSourcesBuildPhase;
			buildActionMask = 2147483647;
			files = (
				D306053E1E5EAC4D007BE6F0 /* RxUIApplicationTestCase.swift in Sources */,
			);
			runOnlyForDeploymentPostprocessing = 0;
		};
		D30604F41E5E65FD007BE6F0 /* Sources */ = {
			isa = PBXSourcesBuildPhase;
			buildActionMask = 2147483647;
			files = (
				D30605091E5E6684007BE6F0 /* Timer.swift in Sources */,
				D30605081E5E667F007BE6F0 /* ShortcutItems.swift in Sources */,
			);
			runOnlyForDeploymentPostprocessing = 0;
		};
		D306050C1E5E9CD5007BE6F0 /* Sources */ = {
			isa = PBXSourcesBuildPhase;
			buildActionMask = 2147483647;
			files = (
				D38E6187200F35D600E94387 /* Timer.swift in Sources */,
				D306051F1E5E9D46007BE6F0 /* IntegerMutatingApp.swift in Sources */,
				D30605201E5E9D46007BE6F0 /* ValueToggler.swift in Sources */,
			);
			runOnlyForDeploymentPostprocessing = 0;
		};
		D306052A1E5EA484007BE6F0 /* Sources */ = {
			isa = PBXSourcesBuildPhase;
			buildActionMask = 2147483647;
			files = (
				D306053C1E5EA54A007BE6F0 /* URLActionOutgoing.swift in Sources */,
			);
			runOnlyForDeploymentPostprocessing = 0;
		};
		D31FAC73201691A20015FD22 /* Sources */ = {
			isa = PBXSourcesBuildPhase;
			buildActionMask = 2147483647;
			files = (
				D31FAC74201691A20015FD22 /* Timer.swift in Sources */,
				D31FAC87201691CB0015FD22 /* IntegerMutatingApp.swift in Sources */,
				D31FAC88201691CB0015FD22 /* ValueToggler.swift in Sources */,
			);
			runOnlyForDeploymentPostprocessing = 0;
		};
/* End PBXSourcesBuildPhase section */

/* Begin PBXTargetDependency section */
		607FACE71AFB9204008FA782 /* PBXTargetDependency */ = {
			isa = PBXTargetDependency;
			target = 607FACCF1AFB9204008FA782 /* Push Notification Registration */;
			targetProxy = 607FACE61AFB9204008FA782 /* PBXContainerItemProxy */;
		};
/* End PBXTargetDependency section */

/* Begin PBXVariantGroup section */
		D30604E31E5E5247007BE6F0 /* LaunchScreen.xib */ = {
			isa = PBXVariantGroup;
			children = (
				D30604E41E5E5247007BE6F0 /* Base */,
			);
			name = LaunchScreen.xib;
			sourceTree = "<group>";
		};
/* End PBXVariantGroup section */

/* Begin XCBuildConfiguration section */
		607FACED1AFB9204008FA782 /* Debug */ = {
			isa = XCBuildConfiguration;
			buildSettings = {
				ALWAYS_SEARCH_USER_PATHS = NO;
				CLANG_CXX_LANGUAGE_STANDARD = "gnu++0x";
				CLANG_CXX_LIBRARY = "libc++";
				CLANG_ENABLE_MODULES = YES;
				CLANG_ENABLE_OBJC_ARC = YES;
				CLANG_WARN_BLOCK_CAPTURE_AUTORELEASING = YES;
				CLANG_WARN_BOOL_CONVERSION = YES;
				CLANG_WARN_COMMA = YES;
				CLANG_WARN_CONSTANT_CONVERSION = YES;
				CLANG_WARN_DEPRECATED_OBJC_IMPLEMENTATIONS = YES;
				CLANG_WARN_DIRECT_OBJC_ISA_USAGE = YES_ERROR;
				CLANG_WARN_EMPTY_BODY = YES;
				CLANG_WARN_ENUM_CONVERSION = YES;
				CLANG_WARN_INFINITE_RECURSION = YES;
				CLANG_WARN_INT_CONVERSION = YES;
				CLANG_WARN_NON_LITERAL_NULL_CONVERSION = YES;
				CLANG_WARN_OBJC_IMPLICIT_RETAIN_SELF = YES;
				CLANG_WARN_OBJC_LITERAL_CONVERSION = YES;
				CLANG_WARN_OBJC_ROOT_CLASS = YES_ERROR;
				CLANG_WARN_RANGE_LOOP_ANALYSIS = YES;
				CLANG_WARN_STRICT_PROTOTYPES = YES;
				CLANG_WARN_SUSPICIOUS_MOVE = YES;
				CLANG_WARN_UNREACHABLE_CODE = YES;
				CLANG_WARN__DUPLICATE_METHOD_MATCH = YES;
				"CODE_SIGN_IDENTITY[sdk=iphoneos*]" = "iPhone Developer";
				COPY_PHASE_STRIP = NO;
				DEBUG_INFORMATION_FORMAT = "dwarf-with-dsym";
				ENABLE_STRICT_OBJC_MSGSEND = YES;
				ENABLE_TESTABILITY = YES;
				GCC_C_LANGUAGE_STANDARD = gnu99;
				GCC_DYNAMIC_NO_PIC = NO;
				GCC_NO_COMMON_BLOCKS = YES;
				GCC_OPTIMIZATION_LEVEL = 0;
				GCC_PREPROCESSOR_DEFINITIONS = (
					"DEBUG=1",
					"$(inherited)",
				);
				GCC_SYMBOLS_PRIVATE_EXTERN = NO;
				GCC_WARN_64_TO_32_BIT_CONVERSION = YES;
				GCC_WARN_ABOUT_RETURN_TYPE = YES_ERROR;
				GCC_WARN_UNDECLARED_SELECTOR = YES;
				GCC_WARN_UNINITIALIZED_AUTOS = YES_AGGRESSIVE;
				GCC_WARN_UNUSED_FUNCTION = YES;
				GCC_WARN_UNUSED_VARIABLE = YES;
				IPHONEOS_DEPLOYMENT_TARGET = 9.0;
				MTL_ENABLE_DEBUG_INFO = YES;
				ONLY_ACTIVE_ARCH = YES;
				SDKROOT = iphoneos;
				SWIFT_OPTIMIZATION_LEVEL = "-Onone";
			};
			name = Debug;
		};
		607FACEE1AFB9204008FA782 /* Release */ = {
			isa = XCBuildConfiguration;
			buildSettings = {
				ALWAYS_SEARCH_USER_PATHS = NO;
				CLANG_CXX_LANGUAGE_STANDARD = "gnu++0x";
				CLANG_CXX_LIBRARY = "libc++";
				CLANG_ENABLE_MODULES = YES;
				CLANG_ENABLE_OBJC_ARC = YES;
				CLANG_WARN_BLOCK_CAPTURE_AUTORELEASING = YES;
				CLANG_WARN_BOOL_CONVERSION = YES;
				CLANG_WARN_COMMA = YES;
				CLANG_WARN_CONSTANT_CONVERSION = YES;
				CLANG_WARN_DEPRECATED_OBJC_IMPLEMENTATIONS = YES;
				CLANG_WARN_DIRECT_OBJC_ISA_USAGE = YES_ERROR;
				CLANG_WARN_EMPTY_BODY = YES;
				CLANG_WARN_ENUM_CONVERSION = YES;
				CLANG_WARN_INFINITE_RECURSION = YES;
				CLANG_WARN_INT_CONVERSION = YES;
				CLANG_WARN_NON_LITERAL_NULL_CONVERSION = YES;
				CLANG_WARN_OBJC_IMPLICIT_RETAIN_SELF = YES;
				CLANG_WARN_OBJC_LITERAL_CONVERSION = YES;
				CLANG_WARN_OBJC_ROOT_CLASS = YES_ERROR;
				CLANG_WARN_RANGE_LOOP_ANALYSIS = YES;
				CLANG_WARN_STRICT_PROTOTYPES = YES;
				CLANG_WARN_SUSPICIOUS_MOVE = YES;
				CLANG_WARN_UNREACHABLE_CODE = YES;
				CLANG_WARN__DUPLICATE_METHOD_MATCH = YES;
				"CODE_SIGN_IDENTITY[sdk=iphoneos*]" = "iPhone Developer";
				COPY_PHASE_STRIP = NO;
				DEBUG_INFORMATION_FORMAT = "dwarf-with-dsym";
				ENABLE_NS_ASSERTIONS = NO;
				ENABLE_STRICT_OBJC_MSGSEND = YES;
				GCC_C_LANGUAGE_STANDARD = gnu99;
				GCC_NO_COMMON_BLOCKS = YES;
				GCC_WARN_64_TO_32_BIT_CONVERSION = YES;
				GCC_WARN_ABOUT_RETURN_TYPE = YES_ERROR;
				GCC_WARN_UNDECLARED_SELECTOR = YES;
				GCC_WARN_UNINITIALIZED_AUTOS = YES_AGGRESSIVE;
				GCC_WARN_UNUSED_FUNCTION = YES;
				GCC_WARN_UNUSED_VARIABLE = YES;
				IPHONEOS_DEPLOYMENT_TARGET = 9.0;
				MTL_ENABLE_DEBUG_INFO = NO;
				SDKROOT = iphoneos;
				SWIFT_OPTIMIZATION_LEVEL = "-Owholemodule";
				VALIDATE_PRODUCT = YES;
			};
			name = Release;
		};
		607FACF01AFB9204008FA782 /* Debug */ = {
			isa = XCBuildConfiguration;
			baseConfigurationReference = F577E03DC31E3AAF72698535 /* Pods-Push Notification Registration.debug.xcconfig */;
			buildSettings = {
				ASSETCATALOG_COMPILER_APPICON_NAME = AppIcon;
				INFOPLIST_FILE = "Cycle/Push Notification Registration/Info.plist";
				LD_RUNPATH_SEARCH_PATHS = "$(inherited) @executable_path/Frameworks";
				MODULE_NAME = ExampleApp;
				PRODUCT_BUNDLE_IDENTIFIER = "org.cocoapods.demo.$(PRODUCT_NAME:rfc1034identifier)";
				PRODUCT_NAME = "$(TARGET_NAME)";
				SWIFT_VERSION = 3.0;
			};
			name = Debug;
		};
		607FACF11AFB9204008FA782 /* Release */ = {
			isa = XCBuildConfiguration;
			baseConfigurationReference = B9280940FB822B304F4C25BB /* Pods-Push Notification Registration.release.xcconfig */;
			buildSettings = {
				ASSETCATALOG_COMPILER_APPICON_NAME = AppIcon;
				INFOPLIST_FILE = "Cycle/Push Notification Registration/Info.plist";
				LD_RUNPATH_SEARCH_PATHS = "$(inherited) @executable_path/Frameworks";
				MODULE_NAME = ExampleApp;
				PRODUCT_BUNDLE_IDENTIFIER = "org.cocoapods.demo.$(PRODUCT_NAME:rfc1034identifier)";
				PRODUCT_NAME = "$(TARGET_NAME)";
				SWIFT_VERSION = 3.0;
			};
			name = Release;
		};
		607FACF31AFB9204008FA782 /* Debug */ = {
			isa = XCBuildConfiguration;
			baseConfigurationReference = 3AA4A99649B249812102922E /* Pods-Cycle_Tests.debug.xcconfig */;
			buildSettings = {
				ALWAYS_EMBED_SWIFT_STANDARD_LIBRARIES = YES;
				FRAMEWORK_SEARCH_PATHS = (
					"$(SDKROOT)/Developer/Library/Frameworks",
					"$(inherited)",
				);
				GCC_PREPROCESSOR_DEFINITIONS = (
					"DEBUG=1",
					"$(inherited)",
				);
				INFOPLIST_FILE = Tests/Info.plist;
				LD_RUNPATH_SEARCH_PATHS = "$(inherited) @executable_path/Frameworks @loader_path/Frameworks";
				PRODUCT_BUNDLE_IDENTIFIER = "org.cocoapods.$(PRODUCT_NAME:rfc1034identifier)";
				PRODUCT_NAME = "$(TARGET_NAME)";
				SWIFT_VERSION = 3.0;
				TEST_HOST = "$(BUILT_PRODUCTS_DIR)/Push Notification Registration.app/Push Notification Registration";
			};
			name = Debug;
		};
		607FACF41AFB9204008FA782 /* Release */ = {
			isa = XCBuildConfiguration;
			baseConfigurationReference = E7642C66690A3E83DA25F858 /* Pods-Cycle_Tests.release.xcconfig */;
			buildSettings = {
				ALWAYS_EMBED_SWIFT_STANDARD_LIBRARIES = YES;
				FRAMEWORK_SEARCH_PATHS = (
					"$(SDKROOT)/Developer/Library/Frameworks",
					"$(inherited)",
				);
				INFOPLIST_FILE = Tests/Info.plist;
				LD_RUNPATH_SEARCH_PATHS = "$(inherited) @executable_path/Frameworks @loader_path/Frameworks";
				PRODUCT_BUNDLE_IDENTIFIER = "org.cocoapods.$(PRODUCT_NAME:rfc1034identifier)";
				PRODUCT_NAME = "$(TARGET_NAME)";
				SWIFT_VERSION = 3.0;
				TEST_HOST = "$(BUILT_PRODUCTS_DIR)/Push Notification Registration.app/Push Notification Registration";
			};
			name = Release;
		};
		D30604FF1E5E65FD007BE6F0 /* Debug */ = {
			isa = XCBuildConfiguration;
			baseConfigurationReference = EC211370C6C0D3412E7DD7CF /* Pods-Shortcut Items.debug.xcconfig */;
			buildSettings = {
				ASSETCATALOG_COMPILER_APPICON_NAME = AppIcon;
				INFOPLIST_FILE = "Cycle/Shortcut Items/Info.plist";
				LD_RUNPATH_SEARCH_PATHS = "$(inherited) @executable_path/Frameworks";
				MODULE_NAME = ExampleApp;
				PRODUCT_BUNDLE_IDENTIFIER = "org.cocoapods.demo.$(PRODUCT_NAME:rfc1034identifier)";
				PRODUCT_NAME = "$(TARGET_NAME)";
				SWIFT_VERSION = 3.0;
			};
			name = Debug;
		};
		D30605001E5E65FD007BE6F0 /* Release */ = {
			isa = XCBuildConfiguration;
			baseConfigurationReference = 59CB5A39938CE7D43F74F490 /* Pods-Shortcut Items.release.xcconfig */;
			buildSettings = {
				ASSETCATALOG_COMPILER_APPICON_NAME = AppIcon;
				INFOPLIST_FILE = "Cycle/Shortcut Items/Info.plist";
				LD_RUNPATH_SEARCH_PATHS = "$(inherited) @executable_path/Frameworks";
				MODULE_NAME = ExampleApp;
				PRODUCT_BUNDLE_IDENTIFIER = "org.cocoapods.demo.$(PRODUCT_NAME:rfc1034identifier)";
				PRODUCT_NAME = "$(TARGET_NAME)";
				SWIFT_VERSION = 3.0;
			};
			name = Release;
		};
		D30605181E5E9CD5007BE6F0 /* Debug */ = {
			isa = XCBuildConfiguration;
			baseConfigurationReference = 124EBB9706B4D6B114847114 /* Pods-Integer Mutation.debug.xcconfig */;
			buildSettings = {
				ASSETCATALOG_COMPILER_APPICON_NAME = AppIcon;
				INFOPLIST_FILE = "Cycle/Integer Mutation/Info.plist";
				LD_RUNPATH_SEARCH_PATHS = "$(inherited) @executable_path/Frameworks";
				MODULE_NAME = ExampleApp;
				PRODUCT_BUNDLE_IDENTIFIER = "org.cocoapods.demo.$(PRODUCT_NAME:rfc1034identifier)";
				PRODUCT_NAME = "$(TARGET_NAME)";
				SWIFT_VERSION = 3.0;
			};
			name = Debug;
		};
		D30605191E5E9CD5007BE6F0 /* Release */ = {
			isa = XCBuildConfiguration;
			baseConfigurationReference = EFFE61F5B3D0191C0B3FACD9 /* Pods-Integer Mutation.release.xcconfig */;
			buildSettings = {
				ASSETCATALOG_COMPILER_APPICON_NAME = AppIcon;
				INFOPLIST_FILE = "Cycle/Integer Mutation/Info.plist";
				LD_RUNPATH_SEARCH_PATHS = "$(inherited) @executable_path/Frameworks";
				MODULE_NAME = ExampleApp;
				PRODUCT_BUNDLE_IDENTIFIER = "org.cocoapods.demo.$(PRODUCT_NAME:rfc1034identifier)";
				PRODUCT_NAME = "$(TARGET_NAME)";
				SWIFT_VERSION = 3.0;
			};
			name = Release;
		};
		D30605361E5EA484007BE6F0 /* Debug */ = {
			isa = XCBuildConfiguration;
			baseConfigurationReference = E1B19028411EE9E028DA971D /* Pods-URL Action Outgoing.debug.xcconfig */;
			buildSettings = {
				ASSETCATALOG_COMPILER_APPICON_NAME = AppIcon;
				INFOPLIST_FILE = Cycle/URLActionOutgoing/Info.plist;
				LD_RUNPATH_SEARCH_PATHS = "$(inherited) @executable_path/Frameworks";
				MODULE_NAME = ExampleApp;
				PRODUCT_BUNDLE_IDENTIFIER = "org.cocoapods.demo.$(PRODUCT_NAME:rfc1034identifier)";
				PRODUCT_NAME = "$(TARGET_NAME)";
				SWIFT_VERSION = 3.0;
			};
			name = Debug;
		};
		D30605371E5EA484007BE6F0 /* Release */ = {
			isa = XCBuildConfiguration;
			baseConfigurationReference = 08ACA2DE327DC288C4F20C4E /* Pods-URL Action Outgoing.release.xcconfig */;
			buildSettings = {
				ASSETCATALOG_COMPILER_APPICON_NAME = AppIcon;
				INFOPLIST_FILE = Cycle/URLActionOutgoing/Info.plist;
				LD_RUNPATH_SEARCH_PATHS = "$(inherited) @executable_path/Frameworks";
				MODULE_NAME = ExampleApp;
				PRODUCT_BUNDLE_IDENTIFIER = "org.cocoapods.demo.$(PRODUCT_NAME:rfc1034identifier)";
				PRODUCT_NAME = "$(TARGET_NAME)";
				SWIFT_VERSION = 3.0;
			};
			name = Release;
		};
		D31FAC7F201691A20015FD22 /* Debug */ = {
			isa = XCBuildConfiguration;
			baseConfigurationReference = 20983B48B2B20294687C61B1 /* Pods-Integer Mutation Animated.debug.xcconfig */;
			buildSettings = {
				ASSETCATALOG_COMPILER_APPICON_NAME = AppIcon;
				INFOPLIST_FILE = "Integer Mutation copy-Info.plist";
				LD_RUNPATH_SEARCH_PATHS = "$(inherited) @executable_path/Frameworks";
				MODULE_NAME = ExampleApp;
				PRODUCT_BUNDLE_IDENTIFIER = "org.cocoapods.demo.$(PRODUCT_NAME:rfc1034identifier)";
				PRODUCT_NAME = "$(TARGET_NAME)";
				SWIFT_VERSION = 3.0;
			};
			name = Debug;
		};
		D31FAC80201691A20015FD22 /* Release */ = {
			isa = XCBuildConfiguration;
			baseConfigurationReference = FFF0458912A447A5D0B4BA2F /* Pods-Integer Mutation Animated.release.xcconfig */;
			buildSettings = {
				ASSETCATALOG_COMPILER_APPICON_NAME = AppIcon;
				INFOPLIST_FILE = "Integer Mutation copy-Info.plist";
				LD_RUNPATH_SEARCH_PATHS = "$(inherited) @executable_path/Frameworks";
				MODULE_NAME = ExampleApp;
				PRODUCT_BUNDLE_IDENTIFIER = "org.cocoapods.demo.$(PRODUCT_NAME:rfc1034identifier)";
				PRODUCT_NAME = "$(TARGET_NAME)";
				SWIFT_VERSION = 3.0;
			};
			name = Release;
		};
/* End XCBuildConfiguration section */

/* Begin XCConfigurationList section */
		607FACCB1AFB9204008FA782 /* Build configuration list for PBXProject "Cycle" */ = {
			isa = XCConfigurationList;
			buildConfigurations = (
				607FACED1AFB9204008FA782 /* Debug */,
				607FACEE1AFB9204008FA782 /* Release */,
			);
			defaultConfigurationIsVisible = 0;
			defaultConfigurationName = Release;
		};
		607FACEF1AFB9204008FA782 /* Build configuration list for PBXNativeTarget "Push Notification Registration" */ = {
			isa = XCConfigurationList;
			buildConfigurations = (
				607FACF01AFB9204008FA782 /* Debug */,
				607FACF11AFB9204008FA782 /* Release */,
			);
			defaultConfigurationIsVisible = 0;
			defaultConfigurationName = Release;
		};
		607FACF21AFB9204008FA782 /* Build configuration list for PBXNativeTarget "Cycle_Tests" */ = {
			isa = XCConfigurationList;
			buildConfigurations = (
				607FACF31AFB9204008FA782 /* Debug */,
				607FACF41AFB9204008FA782 /* Release */,
			);
			defaultConfigurationIsVisible = 0;
			defaultConfigurationName = Release;
		};
		D30604FE1E5E65FD007BE6F0 /* Build configuration list for PBXNativeTarget "Shortcut Items" */ = {
			isa = XCConfigurationList;
			buildConfigurations = (
				D30604FF1E5E65FD007BE6F0 /* Debug */,
				D30605001E5E65FD007BE6F0 /* Release */,
			);
			defaultConfigurationIsVisible = 0;
			defaultConfigurationName = Release;
		};
		D30605171E5E9CD5007BE6F0 /* Build configuration list for PBXNativeTarget "Integer Mutation" */ = {
			isa = XCConfigurationList;
			buildConfigurations = (
				D30605181E5E9CD5007BE6F0 /* Debug */,
				D30605191E5E9CD5007BE6F0 /* Release */,
			);
			defaultConfigurationIsVisible = 0;
			defaultConfigurationName = Release;
		};
		D30605351E5EA484007BE6F0 /* Build configuration list for PBXNativeTarget "URL Action Outgoing" */ = {
			isa = XCConfigurationList;
			buildConfigurations = (
				D30605361E5EA484007BE6F0 /* Debug */,
				D30605371E5EA484007BE6F0 /* Release */,
			);
			defaultConfigurationIsVisible = 0;
			defaultConfigurationName = Release;
		};
		D31FAC7E201691A20015FD22 /* Build configuration list for PBXNativeTarget "Integer Mutation Animated" */ = {
			isa = XCConfigurationList;
			buildConfigurations = (
				D31FAC7F201691A20015FD22 /* Debug */,
				D31FAC80201691A20015FD22 /* Release */,
			);
			defaultConfigurationIsVisible = 0;
			defaultConfigurationName = Release;
		};
/* End XCConfigurationList section */
	};
	rootObject = 607FACC81AFB9204008FA782 /* Project object */;
}
