PODS:
  - Changeset (2.1)
  - Curry (3.0.0)
  - Cycle (0.0.6):
    - Changeset (= 2.1)
    - RxSwift (= 3.5.0)
  - RxCocoa (3.5.0):
    - RxSwift (~> 3.4)
  - RxMotionKit (0.7.0):
    - RxSwift (~> 3.0)
  - RxSwift (3.5.0)

DEPENDENCIES:
  - Curry (= 3.0)
  - Cycle (from `../`)
  - RxCocoa (= 3.5.0)
  - RxMotionKit (~> 0.7.0)

EXTERNAL SOURCES:
  Cycle:
    :path: "../"

SPEC CHECKSUMS:
  Changeset: 52ae0451caae6d236d8ecee150ab62050c3dc826
  Curry: eb3d2c75aec678b3cc7fb2729d2ad6dd121531d1
  Cycle: 2d465e7540c1994276b067980766057255fc2534
  RxCocoa: a0a09f45d0e5b48ecb6a4a7b4b4c89c88d3f633f
  RxMotionKit: 4acae490090097be832b2655e181b99bebcc6dd4
  RxSwift: 18ee9d78b45edb3b0b7e79916b47a116e6dbc842

PODFILE CHECKSUM: 8ce77f12f7fb300b5a0f4bc9c264c2aed0829e3c

COCOAPODS: 1.2.1
