PODS:
  - Changeset (3.1)
  - Cycle (0.0.13):
    - Changeset (= 3.1)
    - RxSwift (~> 4.0)
  - RxCocoa (4.2.0):
    - RxSwift (~> 4.0)
  - RxSwift (4.2.0)
  - RxUIApplicationDelegate (0.1.0):
    - Changeset (= 3.1)
    - RxSwift (~> 4.0)

DEPENDENCIES:
  - Cycle (from `../`)
  - RxCocoa (~> 4.0)
  - RxUIApplicationDelegate

SPEC REPOS:
  https://github.com/cocoapods/specs.git:
    - Changeset
    - RxCocoa
    - RxSwift
    - RxUIApplicationDelegate

EXTERNAL SOURCES:
  Cycle:
    :path: "../"

SPEC CHECKSUMS:
  Changeset: 2c246447b9ed25c1ed6f40c29a235e154917b1d1
  Cycle: 58d9c5dada91fbea01b95a59b1a684859627966d
  RxCocoa: 0b54909c902e1e581212a03e690bbd94032d8baa
  RxSwift: 99e10317ddfcc7fbe01356aafd118fde4a0be104
  RxUIApplicationDelegate: 4793b479468c69097bf3b34de6910c35f090f093

PODFILE CHECKSUM: b46222fe74143bf303ee971650a53873148b5bb3

COCOAPODS: 1.5.3
