PODS:
  - Changeset (2.1)
  - RxCocoa (3.1.0):
    - RxSwift (~> 3.1)
  - RxSwift (3.1.0)

DEPENDENCIES:
  - Changeset
  - RxCocoa
  - RxSwift

SPEC CHECKSUMS:
  Changeset: 52ae0451caae6d236d8ecee150ab62050c3dc826
  RxCocoa: 50d7564866da9299161e86a263ce12a0873904d8
  RxSwift: 83ff553e7593fdfdcb2562933a64c0284dffdadc

PODFILE CHECKSUM: 539924eadc7f599b1ebaa280770f340caf863ba9

COCOAPODS: 1.2.0
