PODS:
  - RxAppState (0.3.1):
    - RxCocoa (~> 3.1)
    - RxSwift (~> 3.1)
  - RxCocoa (3.1.0):
    - RxSwift (~> 3.1)
  - RxSwift (3.1.0)

DEPENDENCIES:
  - RxAppState
  - RxCocoa
  - RxSwift

SPEC CHECKSUMS:
  RxAppState: d228847ff8c1fee39e329930f58ed5c75c4f5eca
  RxCocoa: 50d7564866da9299161e86a263ce12a0873904d8
  RxSwift: 83ff553e7593fdfdcb2562933a64c0284dffdadc

PODFILE CHECKSUM: e9b723cba23665e3d78c210c8056030e8ee206f7

COCOAPODS: 1.2.0
