// !$*UTF8*$!
{
	archiveVersion = 1;
	classes = {
	};
	objectVersion = 51;
	objects = {

/* Begin PBXBuildFile section */
		514EC169BE4186B3EEA63FDB /* Pods_Cycle.framework in Frameworks */ = {isa = PBXBuildFile; fileRef = D63D32F5ABEE0A1C9DA37029 /* Pods_Cycle.framework */; };
		955FB3A86524B1C0EF2C200A /* Pods_CycleTests.framework in Frameworks */ = {isa = PBXBuildFile; fileRef = 5AD468A2A2CCC87C764B8E22 /* Pods_CycleTests.framework */; };
		D39F26C52303CBEC00A29614 /* AppDelegate.swift in Sources */ = {isa = PBXBuildFile; fileRef = D39F26C42303CBEC00A29614 /* AppDelegate.swift */; };
		D39F26C72303CBEC00A29614 /* ViewController.swift in Sources */ = {isa = PBXBuildFile; fileRef = D39F26C62303CBEC00A29614 /* ViewController.swift */; };
		D39F26CA2303CBEC00A29614 /* Main.storyboard in Resources */ = {isa = PBXBuildFile; fileRef = D39F26C82303CBEC00A29614 /* Main.storyboard */; };
		D39F26CC2303CBEE00A29614 /* Assets.xcassets in Resources */ = {isa = PBXBuildFile; fileRef = D39F26CB2303CBEE00A29614 /* Assets.xcassets */; };
		D39F26CF2303CBEE00A29614 /* LaunchScreen.storyboard in Resources */ = {isa = PBXBuildFile; fileRef = D39F26CD2303CBEE00A29614 /* LaunchScreen.storyboard */; };
		D39F26DA2303CBEE00A29614 /* CycleTests.swift in Sources */ = {isa = PBXBuildFile; fileRef = D39F26D92303CBEE00A29614 /* CycleTests.swift */; };
		D39F26E72303CC5800A29614 /* Cycled.swift in Sources */ = {isa = PBXBuildFile; fileRef = D39F26E42303CC5700A29614 /* Cycled.swift */; };
		D39F26E82303CC5800A29614 /* MutatingLens.swift in Sources */ = {isa = PBXBuildFile; fileRef = D39F26E52303CC5700A29614 /* MutatingLens.swift */; };
		D39F26E92303CC5800A29614 /* Observable+Lens.swift in Sources */ = {isa = PBXBuildFile; fileRef = D39F26E62303CC5800A29614 /* Observable+Lens.swift */; };
		D39F26EB2303D23600A29614 /* ValueToggler.swift in Sources */ = {isa = PBXBuildFile; fileRef = D39F26EA2303D23600A29614 /* ValueToggler.swift */; };
/* End PBXBuildFile section */

/* Begin PBXContainerItemProxy section */
		D39F26D62303CBEE00A29614 /* PBXContainerItemProxy */ = {
			isa = PBXContainerItemProxy;
			containerPortal = D39F26B92303CBEC00A29614 /* Project object */;
			proxyType = 1;
			remoteGlobalIDString = D39F26C02303CBEC00A29614;
			remoteInfo = Cycle;
		};
/* End PBXContainerItemProxy section */

/* Begin PBXFileReference section */
		08AB70A69C153BC882AEED35 /* Pods-CycleTests.release.xcconfig */ = {isa = PBXFileReference; includeInIndex = 1; lastKnownFileType = text.xcconfig; name = "Pods-CycleTests.release.xcconfig"; path = "Target Support Files/Pods-CycleTests/Pods-CycleTests.release.xcconfig"; sourceTree = "<group>"; };
		238AA633E234326045E7DE0B /* Pods-CycleTests.debug.xcconfig */ = {isa = PBXFileReference; includeInIndex = 1; lastKnownFileType = text.xcconfig; name = "Pods-CycleTests.debug.xcconfig"; path = "Target Support Files/Pods-CycleTests/Pods-CycleTests.debug.xcconfig"; sourceTree = "<group>"; };
		5AD468A2A2CCC87C764B8E22 /* Pods_CycleTests.framework */ = {isa = PBXFileReference; explicitFileType = wrapper.framework; includeInIndex = 0; path = Pods_CycleTests.framework; sourceTree = BUILT_PRODUCTS_DIR; };
		8C0AC5F32FB26C2ED9D48832 /* Pods-Cycle.release.xcconfig */ = {isa = PBXFileReference; includeInIndex = 1; lastKnownFileType = text.xcconfig; name = "Pods-Cycle.release.xcconfig"; path = "Target Support Files/Pods-Cycle/Pods-Cycle.release.xcconfig"; sourceTree = "<group>"; };
		D39F26C12303CBEC00A29614 /* Cycle.app */ = {isa = PBXFileReference; explicitFileType = wrapper.application; includeInIndex = 0; path = Cycle.app; sourceTree = BUILT_PRODUCTS_DIR; };
		D39F26C42303CBEC00A29614 /* AppDelegate.swift */ = {isa = PBXFileReference; lastKnownFileType = sourcecode.swift; path = AppDelegate.swift; sourceTree = "<group>"; };
		D39F26C62303CBEC00A29614 /* ViewController.swift */ = {isa = PBXFileReference; lastKnownFileType = sourcecode.swift; path = ViewController.swift; sourceTree = "<group>"; };
		D39F26C92303CBEC00A29614 /* Base */ = {isa = PBXFileReference; lastKnownFileType = file.storyboard; name = Base; path = Base.lproj/Main.storyboard; sourceTree = "<group>"; };
		D39F26CB2303CBEE00A29614 /* Assets.xcassets */ = {isa = PBXFileReference; lastKnownFileType = folder.assetcatalog; path = Assets.xcassets; sourceTree = "<group>"; };
		D39F26CE2303CBEE00A29614 /* Base */ = {isa = PBXFileReference; lastKnownFileType = file.storyboard; name = Base; path = Base.lproj/LaunchScreen.storyboard; sourceTree = "<group>"; };
		D39F26D02303CBEE00A29614 /* Info.plist */ = {isa = PBXFileReference; lastKnownFileType = text.plist.xml; path = Info.plist; sourceTree = "<group>"; };
		D39F26D52303CBEE00A29614 /* CycleTests.xctest */ = {isa = PBXFileReference; explicitFileType = wrapper.cfbundle; includeInIndex = 0; path = CycleTests.xctest; sourceTree = BUILT_PRODUCTS_DIR; };
		D39F26D92303CBEE00A29614 /* CycleTests.swift */ = {isa = PBXFileReference; lastKnownFileType = sourcecode.swift; path = CycleTests.swift; sourceTree = "<group>"; };
		D39F26DB2303CBEE00A29614 /* Info.plist */ = {isa = PBXFileReference; lastKnownFileType = text.plist.xml; path = Info.plist; sourceTree = "<group>"; };
		D39F26E42303CC5700A29614 /* Cycled.swift */ = {isa = PBXFileReference; fileEncoding = 4; lastKnownFileType = sourcecode.swift; path = Cycled.swift; sourceTree = "<group>"; };
		D39F26E52303CC5700A29614 /* MutatingLens.swift */ = {isa = PBXFileReference; fileEncoding = 4; lastKnownFileType = sourcecode.swift; path = MutatingLens.swift; sourceTree = "<group>"; };
		D39F26E62303CC5800A29614 /* Observable+Lens.swift */ = {isa = PBXFileReference; fileEncoding = 4; lastKnownFileType = sourcecode.swift; path = "Observable+Lens.swift"; sourceTree = "<group>"; };
		D39F26EA2303D23600A29614 /* ValueToggler.swift */ = {isa = PBXFileReference; fileEncoding = 4; lastKnownFileType = sourcecode.swift; path = ValueToggler.swift; sourceTree = "<group>"; };
		D63D32F5ABEE0A1C9DA37029 /* Pods_Cycle.framework */ = {isa = PBXFileReference; explicitFileType = wrapper.framework; includeInIndex = 0; path = Pods_Cycle.framework; sourceTree = BUILT_PRODUCTS_DIR; };
		FCEE02E9DCE95FC61A20E5D5 /* Pods-Cycle.debug.xcconfig */ = {isa = PBXFileReference; includeInIndex = 1; lastKnownFileType = text.xcconfig; name = "Pods-Cycle.debug.xcconfig"; path = "Target Support Files/Pods-Cycle/Pods-Cycle.debug.xcconfig"; sourceTree = "<group>"; };
/* End PBXFileReference section */

/* Begin PBXFrameworksBuildPhase section */
		D39F26BE2303CBEC00A29614 /* Frameworks */ = {
			isa = PBXFrameworksBuildPhase;
			buildActionMask = 2147483647;
			files = (
				514EC169BE4186B3EEA63FDB /* Pods_Cycle.framework in Frameworks */,
			);
			runOnlyForDeploymentPostprocessing = 0;
		};
		D39F26D22303CBEE00A29614 /* Frameworks */ = {
			isa = PBXFrameworksBuildPhase;
			buildActionMask = 2147483647;
			files = (
				955FB3A86524B1C0EF2C200A /* Pods_CycleTests.framework in Frameworks */,
			);
			runOnlyForDeploymentPostprocessing = 0;
		};
/* End PBXFrameworksBuildPhase section */

/* Begin PBXGroup section */
		1E3A14ADD252A1022715E6FF /* Pods */ = {
			isa = PBXGroup;
			children = (
				FCEE02E9DCE95FC61A20E5D5 /* Pods-Cycle.debug.xcconfig */,
				8C0AC5F32FB26C2ED9D48832 /* Pods-Cycle.release.xcconfig */,
				238AA633E234326045E7DE0B /* Pods-CycleTests.debug.xcconfig */,
				08AB70A69C153BC882AEED35 /* Pods-CycleTests.release.xcconfig */,
			);
			path = Pods;
			sourceTree = "<group>";
		};
		724B9A0538CBE5073A85C832 /* Frameworks */ = {
			isa = PBXGroup;
			children = (
				D63D32F5ABEE0A1C9DA37029 /* Pods_Cycle.framework */,
				5AD468A2A2CCC87C764B8E22 /* Pods_CycleTests.framework */,
			);
			name = Frameworks;
			sourceTree = "<group>";
		};
		D39F26B82303CBEC00A29614 = {
			isa = PBXGroup;
			children = (
				D39F26C32303CBEC00A29614 /* Cycle */,
				D39F26D82303CBEE00A29614 /* CycleTests */,
				D39F26C22303CBEC00A29614 /* Products */,
				1E3A14ADD252A1022715E6FF /* Pods */,
				724B9A0538CBE5073A85C832 /* Frameworks */,
			);
			sourceTree = "<group>";
		};
		D39F26C22303CBEC00A29614 /* Products */ = {
			isa = PBXGroup;
			children = (
				D39F26C12303CBEC00A29614 /* Cycle.app */,
				D39F26D52303CBEE00A29614 /* CycleTests.xctest */,
			);
			name = Products;
			sourceTree = "<group>";
		};
		D39F26C32303CBEC00A29614 /* Cycle */ = {
			isa = PBXGroup;
			children = (
				D39F26E42303CC5700A29614 /* Cycled.swift */,
				D39F26E52303CC5700A29614 /* MutatingLens.swift */,
				D39F26E62303CC5800A29614 /* Observable+Lens.swift */,
				D39F26EA2303D23600A29614 /* ValueToggler.swift */,
				D39F26C42303CBEC00A29614 /* AppDelegate.swift */,
				D39F26C62303CBEC00A29614 /* ViewController.swift */,
				D39F26C82303CBEC00A29614 /* Main.storyboard */,
				D39F26CB2303CBEE00A29614 /* Assets.xcassets */,
				D39F26CD2303CBEE00A29614 /* LaunchScreen.storyboard */,
				D39F26D02303CBEE00A29614 /* Info.plist */,
			);
			path = Cycle;
			sourceTree = "<group>";
		};
		D39F26D82303CBEE00A29614 /* CycleTests */ = {
			isa = PBXGroup;
			children = (
				D39F26D92303CBEE00A29614 /* CycleTests.swift */,
				D39F26DB2303CBEE00A29614 /* Info.plist */,
			);
			path = CycleTests;
			sourceTree = "<group>";
		};
/* End PBXGroup section */

/* Begin PBXNativeTarget section */
		D39F26C02303CBEC00A29614 /* Cycle */ = {
			isa = PBXNativeTarget;
			buildConfigurationList = D39F26DE2303CBEE00A29614 /* Build configuration list for PBXNativeTarget "Cycle" */;
			buildPhases = (
				A224D414EF06EF1E1541507B /* [CP] Check Pods Manifest.lock */,
				D39F26BD2303CBEC00A29614 /* Sources */,
				D39F26BE2303CBEC00A29614 /* Frameworks */,
				D39F26BF2303CBEC00A29614 /* Resources */,
				DDD7CC7909DB686291ECD5B7 /* [CP] Embed Pods Frameworks */,
			);
			buildRules = (
			);
			dependencies = (
			);
			name = Cycle;
			productName = Cycle;
			productReference = D39F26C12303CBEC00A29614 /* Cycle.app */;
			productType = "com.apple.product-type.application";
		};
		D39F26D42303CBEE00A29614 /* CycleTests */ = {
			isa = PBXNativeTarget;
			buildConfigurationList = D39F26E12303CBEE00A29614 /* Build configuration list for PBXNativeTarget "CycleTests" */;
			buildPhases = (
				17DDFAAC0F8BBEEC770A337C /* [CP] Check Pods Manifest.lock */,
				D39F26D12303CBEE00A29614 /* Sources */,
				D39F26D22303CBEE00A29614 /* Frameworks */,
				D39F26D32303CBEE00A29614 /* Resources */,
				0E3CF717FCBA943FF1FC8095 /* [CP] Embed Pods Frameworks */,
			);
			buildRules = (
			);
			dependencies = (
				D39F26D72303CBEE00A29614 /* PBXTargetDependency */,
			);
			name = CycleTests;
			productName = CycleTests;
			productReference = D39F26D52303CBEE00A29614 /* CycleTests.xctest */;
			productType = "com.apple.product-type.bundle.unit-test";
		};
/* End PBXNativeTarget section */

/* Begin PBXProject section */
		D39F26B92303CBEC00A29614 /* Project object */ = {
			isa = PBXProject;
			attributes = {
				LastSwiftUpdateCheck = 1030;
				LastUpgradeCheck = 1030;
				ORGANIZATIONNAME = "Brian Semiglia";
				TargetAttributes = {
					D39F26C02303CBEC00A29614 = {
						CreatedOnToolsVersion = 10.3;
					};
					D39F26D42303CBEE00A29614 = {
						CreatedOnToolsVersion = 10.3;
						TestTargetID = D39F26C02303CBEC00A29614;
					};
				};
			};
			buildConfigurationList = D39F26BC2303CBEC00A29614 /* Build configuration list for PBXProject "Cycle" */;
			compatibilityVersion = "Xcode 9.3";
			developmentRegion = en;
			hasScannedForEncodings = 0;
			knownRegions = (
				en,
				Base,
			);
			mainGroup = D39F26B82303CBEC00A29614;
			productRefGroup = D39F26C22303CBEC00A29614 /* Products */;
			projectDirPath = "";
			projectRoot = "";
			targets = (
				D39F26C02303CBEC00A29614 /* Cycle */,
				D39F26D42303CBEE00A29614 /* CycleTests */,
			);
		};
/* End PBXProject section */

/* Begin PBXResourcesBuildPhase section */
		D39F26BF2303CBEC00A29614 /* Resources */ = {
			isa = PBXResourcesBuildPhase;
			buildActionMask = 2147483647;
			files = (
				D39F26CF2303CBEE00A29614 /* LaunchScreen.storyboard in Resources */,
				D39F26CC2303CBEE00A29614 /* Assets.xcassets in Resources */,
				D39F26CA2303CBEC00A29614 /* Main.storyboard in Resources */,
			);
			runOnlyForDeploymentPostprocessing = 0;
		};
		D39F26D32303CBEE00A29614 /* Resources */ = {
			isa = PBXResourcesBuildPhase;
			buildActionMask = 2147483647;
			files = (
			);
			runOnlyForDeploymentPostprocessing = 0;
		};
/* End PBXResourcesBuildPhase section */

/* Begin PBXShellScriptBuildPhase section */
		0E3CF717FCBA943FF1FC8095 /* [CP] Embed Pods Frameworks */ = {
			isa = PBXShellScriptBuildPhase;
			buildActionMask = 2147483647;
			files = (
			);
			inputFileListPaths = (
				"${PODS_ROOT}/Target Support Files/Pods-CycleTests/Pods-CycleTests-frameworks-${CONFIGURATION}-input-files.xcfilelist",
			);
			name = "[CP] Embed Pods Frameworks";
			outputFileListPaths = (
				"${PODS_ROOT}/Target Support Files/Pods-CycleTests/Pods-CycleTests-frameworks-${CONFIGURATION}-output-files.xcfilelist",
			);
			runOnlyForDeploymentPostprocessing = 0;
			shellPath = /bin/sh;
			shellScript = "\"${PODS_ROOT}/Target Support Files/Pods-CycleTests/Pods-CycleTests-frameworks.sh\"\n";
			showEnvVarsInLog = 0;
		};
		17DDFAAC0F8BBEEC770A337C /* [CP] Check Pods Manifest.lock */ = {
			isa = PBXShellScriptBuildPhase;
			buildActionMask = 2147483647;
			files = (
			);
			inputFileListPaths = (
			);
			inputPaths = (
				"${PODS_PODFILE_DIR_PATH}/Podfile.lock",
				"${PODS_ROOT}/Manifest.lock",
			);
			name = "[CP] Check Pods Manifest.lock";
			outputFileListPaths = (
			);
			outputPaths = (
				"$(DERIVED_FILE_DIR)/Pods-CycleTests-checkManifestLockResult.txt",
			);
			runOnlyForDeploymentPostprocessing = 0;
			shellPath = /bin/sh;
			shellScript = "diff \"${PODS_PODFILE_DIR_PATH}/Podfile.lock\" \"${PODS_ROOT}/Manifest.lock\" > /dev/null\nif [ $? != 0 ] ; then\n    # print error to STDERR\n    echo \"error: The sandbox is not in sync with the Podfile.lock. Run 'pod install' or update your CocoaPods installation.\" >&2\n    exit 1\nfi\n# This output is used by Xcode 'outputs' to avoid re-running this script phase.\necho \"SUCCESS\" > \"${SCRIPT_OUTPUT_FILE_0}\"\n";
			showEnvVarsInLog = 0;
		};
		A224D414EF06EF1E1541507B /* [CP] Check Pods Manifest.lock */ = {
			isa = PBXShellScriptBuildPhase;
			buildActionMask = 2147483647;
			files = (
			);
			inputFileListPaths = (
			);
			inputPaths = (
				"${PODS_PODFILE_DIR_PATH}/Podfile.lock",
				"${PODS_ROOT}/Manifest.lock",
			);
			name = "[CP] Check Pods Manifest.lock";
			outputFileListPaths = (
			);
			outputPaths = (
				"$(DERIVED_FILE_DIR)/Pods-Cycle-checkManifestLockResult.txt",
			);
			runOnlyForDeploymentPostprocessing = 0;
			shellPath = /bin/sh;
			shellScript = "diff \"${PODS_PODFILE_DIR_PATH}/Podfile.lock\" \"${PODS_ROOT}/Manifest.lock\" > /dev/null\nif [ $? != 0 ] ; then\n    # print error to STDERR\n    echo \"error: The sandbox is not in sync with the Podfile.lock. Run 'pod install' or update your CocoaPods installation.\" >&2\n    exit 1\nfi\n# This output is used by Xcode 'outputs' to avoid re-running this script phase.\necho \"SUCCESS\" > \"${SCRIPT_OUTPUT_FILE_0}\"\n";
			showEnvVarsInLog = 0;
		};
		DDD7CC7909DB686291ECD5B7 /* [CP] Embed Pods Frameworks */ = {
			isa = PBXShellScriptBuildPhase;
			buildActionMask = 2147483647;
			files = (
			);
			inputFileListPaths = (
				"${PODS_ROOT}/Target Support Files/Pods-Cycle/Pods-Cycle-frameworks-${CONFIGURATION}-input-files.xcfilelist",
			);
			name = "[CP] Embed Pods Frameworks";
			outputFileListPaths = (
				"${PODS_ROOT}/Target Support Files/Pods-Cycle/Pods-Cycle-frameworks-${CONFIGURATION}-output-files.xcfilelist",
			);
			runOnlyForDeploymentPostprocessing = 0;
			shellPath = /bin/sh;
			shellScript = "\"${PODS_ROOT}/Target Support Files/Pods-Cycle/Pods-Cycle-frameworks.sh\"\n";
			showEnvVarsInLog = 0;
		};
/* End PBXShellScriptBuildPhase section */

/* Begin PBXSourcesBuildPhase section */
		D39F26BD2303CBEC00A29614 /* Sources */ = {
			isa = PBXSourcesBuildPhase;
			buildActionMask = 2147483647;
			files = (
				D39F26E92303CC5800A29614 /* Observable+Lens.swift in Sources */,
				D39F26E82303CC5800A29614 /* MutatingLens.swift in Sources */,
				D39F26EB2303D23600A29614 /* ValueToggler.swift in Sources */,
				D39F26C72303CBEC00A29614 /* ViewController.swift in Sources */,
				D39F26C52303CBEC00A29614 /* AppDelegate.swift in Sources */,
				D39F26E72303CC5800A29614 /* Cycled.swift in Sources */,
			);
			runOnlyForDeploymentPostprocessing = 0;
		};
		D39F26D12303CBEE00A29614 /* Sources */ = {
			isa = PBXSourcesBuildPhase;
			buildActionMask = 2147483647;
			files = (
				D39F26DA2303CBEE00A29614 /* CycleTests.swift in Sources */,
			);
			runOnlyForDeploymentPostprocessing = 0;
		};
/* End PBXSourcesBuildPhase section */

/* Begin PBXTargetDependency section */
		D39F26D72303CBEE00A29614 /* PBXTargetDependency */ = {
			isa = PBXTargetDependency;
			target = D39F26C02303CBEC00A29614 /* Cycle */;
			targetProxy = D39F26D62303CBEE00A29614 /* PBXContainerItemProxy */;
		};
/* End PBXTargetDependency section */

/* Begin PBXVariantGroup section */
		D39F26C82303CBEC00A29614 /* Main.storyboard */ = {
			isa = PBXVariantGroup;
			children = (
				D39F26C92303CBEC00A29614 /* Base */,
			);
			name = Main.storyboard;
			sourceTree = "<group>";
		};
		D39F26CD2303CBEE00A29614 /* LaunchScreen.storyboard */ = {
			isa = PBXVariantGroup;
			children = (
				D39F26CE2303CBEE00A29614 /* Base */,
			);
			name = LaunchScreen.storyboard;
			sourceTree = "<group>";
		};
/* End PBXVariantGroup section */

/* Begin XCBuildConfiguration section */
		D39F26DC2303CBEE00A29614 /* Debug */ = {
			isa = XCBuildConfiguration;
			buildSettings = {
				ALWAYS_SEARCH_USER_PATHS = NO;
				CLANG_ANALYZER_NONNULL = YES;
				CLANG_ANALYZER_NUMBER_OBJECT_CONVERSION = YES_AGGRESSIVE;
				CLANG_CXX_LANGUAGE_STANDARD = "gnu++14";
				CLANG_CXX_LIBRARY = "libc++";
				CLANG_ENABLE_MODULES = YES;
				CLANG_ENABLE_OBJC_ARC = YES;
				CLANG_ENABLE_OBJC_WEAK = YES;
				CLANG_WARN_BLOCK_CAPTURE_AUTORELEASING = YES;
				CLANG_WARN_BOOL_CONVERSION = YES;
				CLANG_WARN_COMMA = YES;
				CLANG_WARN_CONSTANT_CONVERSION = YES;
				CLANG_WARN_DEPRECATED_OBJC_IMPLEMENTATIONS = YES;
				CLANG_WARN_DIRECT_OBJC_ISA_USAGE = YES_ERROR;
				CLANG_WARN_DOCUMENTATION_COMMENTS = YES;
				CLANG_WARN_EMPTY_BODY = YES;
				CLANG_WARN_ENUM_CONVERSION = YES;
				CLANG_WARN_INFINITE_RECURSION = YES;
				CLANG_WARN_INT_CONVERSION = YES;
				CLANG_WARN_NON_LITERAL_NULL_CONVERSION = YES;
				CLANG_WARN_OBJC_IMPLICIT_RETAIN_SELF = YES;
				CLANG_WARN_OBJC_LITERAL_CONVERSION = YES;
				CLANG_WARN_OBJC_ROOT_CLASS = YES_ERROR;
				CLANG_WARN_RANGE_LOOP_ANALYSIS = YES;
				CLANG_WARN_STRICT_PROTOTYPES = YES;
				CLANG_WARN_SUSPICIOUS_MOVE = YES;
				CLANG_WARN_UNGUARDED_AVAILABILITY = YES_AGGRESSIVE;
				CLANG_WARN_UNREACHABLE_CODE = YES;
				CLANG_WARN__DUPLICATE_METHOD_MATCH = YES;
				CODE_SIGN_IDENTITY = "iPhone Developer";
				COPY_PHASE_STRIP = NO;
				DEBUG_INFORMATION_FORMAT = dwarf;
				ENABLE_STRICT_OBJC_MSGSEND = YES;
				ENABLE_TESTABILITY = YES;
				GCC_C_LANGUAGE_STANDARD = gnu11;
				GCC_DYNAMIC_NO_PIC = NO;
				GCC_NO_COMMON_BLOCKS = YES;
				GCC_OPTIMIZATION_LEVEL = 0;
				GCC_PREPROCESSOR_DEFINITIONS = (
					"DEBUG=1",
					"$(inherited)",
				);
				GCC_WARN_64_TO_32_BIT_CONVERSION = YES;
				GCC_WARN_ABOUT_RETURN_TYPE = YES_ERROR;
				GCC_WARN_UNDECLARED_SELECTOR = YES;
				GCC_WARN_UNINITIALIZED_AUTOS = YES_AGGRESSIVE;
				GCC_WARN_UNUSED_FUNCTION = YES;
				GCC_WARN_UNUSED_VARIABLE = YES;
				IPHONEOS_DEPLOYMENT_TARGET = 12.4;
				MTL_ENABLE_DEBUG_INFO = INCLUDE_SOURCE;
				MTL_FAST_MATH = YES;
				ONLY_ACTIVE_ARCH = YES;
				SDKROOT = iphoneos;
				SWIFT_ACTIVE_COMPILATION_CONDITIONS = DEBUG;
				SWIFT_OPTIMIZATION_LEVEL = "-Onone";
			};
			name = Debug;
		};
		D39F26DD2303CBEE00A29614 /* Release */ = {
			isa = XCBuildConfiguration;
			buildSettings = {
				ALWAYS_SEARCH_USER_PATHS = NO;
				CLANG_ANALYZER_NONNULL = YES;
				CLANG_ANALYZER_NUMBER_OBJECT_CONVERSION = YES_AGGRESSIVE;
				CLANG_CXX_LANGUAGE_STANDARD = "gnu++14";
				CLANG_CXX_LIBRARY = "libc++";
				CLANG_ENABLE_MODULES = YES;
				CLANG_ENABLE_OBJC_ARC = YES;
				CLANG_ENABLE_OBJC_WEAK = YES;
				CLANG_WARN_BLOCK_CAPTURE_AUTORELEASING = YES;
				CLANG_WARN_BOOL_CONVERSION = YES;
				CLANG_WARN_COMMA = YES;
				CLANG_WARN_CONSTANT_CONVERSION = YES;
				CLANG_WARN_DEPRECATED_OBJC_IMPLEMENTATIONS = YES;
				CLANG_WARN_DIRECT_OBJC_ISA_USAGE = YES_ERROR;
				CLANG_WARN_DOCUMENTATION_COMMENTS = YES;
				CLANG_WARN_EMPTY_BODY = YES;
				CLANG_WARN_ENUM_CONVERSION = YES;
				CLANG_WARN_INFINITE_RECURSION = YES;
				CLANG_WARN_INT_CONVERSION = YES;
				CLANG_WARN_NON_LITERAL_NULL_CONVERSION = YES;
				CLANG_WARN_OBJC_IMPLICIT_RETAIN_SELF = YES;
				CLANG_WARN_OBJC_LITERAL_CONVERSION = YES;
				CLANG_WARN_OBJC_ROOT_CLASS = YES_ERROR;
				CLANG_WARN_RANGE_LOOP_ANALYSIS = YES;
				CLANG_WARN_STRICT_PROTOTYPES = YES;
				CLANG_WARN_SUSPICIOUS_MOVE = YES;
				CLANG_WARN_UNGUARDED_AVAILABILITY = YES_AGGRESSIVE;
				CLANG_WARN_UNREACHABLE_CODE = YES;
				CLANG_WARN__DUPLICATE_METHOD_MATCH = YES;
				CODE_SIGN_IDENTITY = "iPhone Developer";
				COPY_PHASE_STRIP = NO;
				DEBUG_INFORMATION_FORMAT = "dwarf-with-dsym";
				ENABLE_NS_ASSERTIONS = NO;
				ENABLE_STRICT_OBJC_MSGSEND = YES;
				GCC_C_LANGUAGE_STANDARD = gnu11;
				GCC_NO_COMMON_BLOCKS = YES;
				GCC_WARN_64_TO_32_BIT_CONVERSION = YES;
				GCC_WARN_ABOUT_RETURN_TYPE = YES_ERROR;
				GCC_WARN_UNDECLARED_SELECTOR = YES;
				GCC_WARN_UNINITIALIZED_AUTOS = YES_AGGRESSIVE;
				GCC_WARN_UNUSED_FUNCTION = YES;
				GCC_WARN_UNUSED_VARIABLE = YES;
				IPHONEOS_DEPLOYMENT_TARGET = 12.4;
				MTL_ENABLE_DEBUG_INFO = NO;
				MTL_FAST_MATH = YES;
				SDKROOT = iphoneos;
				SWIFT_COMPILATION_MODE = wholemodule;
				SWIFT_OPTIMIZATION_LEVEL = "-O";
				VALIDATE_PRODUCT = YES;
			};
			name = Release;
		};
		D39F26DF2303CBEE00A29614 /* Debug */ = {
			isa = XCBuildConfiguration;
			baseConfigurationReference = FCEE02E9DCE95FC61A20E5D5 /* Pods-Cycle.debug.xcconfig */;
			buildSettings = {
				ASSETCATALOG_COMPILER_APPICON_NAME = AppIcon;
				CODE_SIGN_STYLE = Automatic;
				INFOPLIST_FILE = Cycle/Info.plist;
				LD_RUNPATH_SEARCH_PATHS = (
					"$(inherited)",
					"@executable_path/Frameworks",
				);
				PRODUCT_BUNDLE_IDENTIFIER = com.briansemiglia.Cycle;
				PRODUCT_NAME = "$(TARGET_NAME)";
				SWIFT_VERSION = 5.0;
				TARGETED_DEVICE_FAMILY = "1,2";
			};
			name = Debug;
		};
		D39F26E02303CBEE00A29614 /* Release */ = {
			isa = XCBuildConfiguration;
			baseConfigurationReference = 8C0AC5F32FB26C2ED9D48832 /* Pods-Cycle.release.xcconfig */;
			buildSettings = {
				ASSETCATALOG_COMPILER_APPICON_NAME = AppIcon;
				CODE_SIGN_STYLE = Automatic;
				INFOPLIST_FILE = Cycle/Info.plist;
				LD_RUNPATH_SEARCH_PATHS = (
					"$(inherited)",
					"@executable_path/Frameworks",
				);
				PRODUCT_BUNDLE_IDENTIFIER = com.briansemiglia.Cycle;
				PRODUCT_NAME = "$(TARGET_NAME)";
				SWIFT_VERSION = 5.0;
				TARGETED_DEVICE_FAMILY = "1,2";
			};
			name = Release;
		};
		D39F26E22303CBEE00A29614 /* Debug */ = {
			isa = XCBuildConfiguration;
			baseConfigurationReference = 238AA633E234326045E7DE0B /* Pods-CycleTests.debug.xcconfig */;
			buildSettings = {
				ALWAYS_EMBED_SWIFT_STANDARD_LIBRARIES = YES;
				BUNDLE_LOADER = "$(TEST_HOST)";
				CODE_SIGN_STYLE = Automatic;
				INFOPLIST_FILE = CycleTests/Info.plist;
				LD_RUNPATH_SEARCH_PATHS = (
					"$(inherited)",
					"@executable_path/Frameworks",
					"@loader_path/Frameworks",
				);
				PRODUCT_BUNDLE_IDENTIFIER = com.briansemiglia.CycleTests;
				PRODUCT_NAME = "$(TARGET_NAME)";
				SWIFT_VERSION = 5.0;
				TARGETED_DEVICE_FAMILY = "1,2";
				TEST_HOST = "$(BUILT_PRODUCTS_DIR)/Cycle.app/Cycle";
			};
			name = Debug;
		};
		D39F26E32303CBEE00A29614 /* Release */ = {
			isa = XCBuildConfiguration;
			baseConfigurationReference = 08AB70A69C153BC882AEED35 /* Pods-CycleTests.release.xcconfig */;
			buildSettings = {
				ALWAYS_EMBED_SWIFT_STANDARD_LIBRARIES = YES;
				BUNDLE_LOADER = "$(TEST_HOST)";
				CODE_SIGN_STYLE = Automatic;
				INFOPLIST_FILE = CycleTests/Info.plist;
				LD_RUNPATH_SEARCH_PATHS = (
					"$(inherited)",
					"@executable_path/Frameworks",
					"@loader_path/Frameworks",
				);
				PRODUCT_BUNDLE_IDENTIFIER = com.briansemiglia.CycleTests;
				PRODUCT_NAME = "$(TARGET_NAME)";
				SWIFT_VERSION = 5.0;
				TARGETED_DEVICE_FAMILY = "1,2";
				TEST_HOST = "$(BUILT_PRODUCTS_DIR)/Cycle.app/Cycle";
			};
			name = Release;
		};
/* End XCBuildConfiguration section */

/* Begin XCConfigurationList section */
		D39F26BC2303CBEC00A29614 /* Build configuration list for PBXProject "Cycle" */ = {
			isa = XCConfigurationList;
			buildConfigurations = (
				D39F26DC2303CBEE00A29614 /* Debug */,
				D39F26DD2303CBEE00A29614 /* Release */,
			);
			defaultConfigurationIsVisible = 0;
			defaultConfigurationName = Release;
		};
		D39F26DE2303CBEE00A29614 /* Build configuration list for PBXNativeTarget "Cycle" */ = {
			isa = XCConfigurationList;
			buildConfigurations = (
				D39F26DF2303CBEE00A29614 /* Debug */,
				D39F26E02303CBEE00A29614 /* Release */,
			);
			defaultConfigurationIsVisible = 0;
			defaultConfigurationName = Release;
		};
		D39F26E12303CBEE00A29614 /* Build configuration list for PBXNativeTarget "CycleTests" */ = {
			isa = XCConfigurationList;
			buildConfigurations = (
				D39F26E22303CBEE00A29614 /* Debug */,
				D39F26E32303CBEE00A29614 /* Release */,
			);
			defaultConfigurationIsVisible = 0;
			defaultConfigurationName = Release;
		};
/* End XCConfigurationList section */
	};
	rootObject = D39F26B92303CBEC00A29614 /* Project object */;
}
